Microsoft Visual Studio Solution File, Format Version 12.00
# Visual Studio Version 17
VisualStudioVersion = 17.6.33723.286
MinimumVisualStudioVersion = 10.0.40219.1
Project("{9A19103F-16F7-4668-BE54-9A1E7A4F7556}") = "Aurio.WaveControls", "Aurio.WaveControls\Aurio.WaveControls.csproj", "{FD0C6CC5-B509-4441-9AA2-E8B34BAD9F95}"
EndProject
Project("{9A19103F-16F7-4668-BE54-9A1E7A4F7556}") = "Aurio", "Aurio\Aurio.csproj", "{E868D91E-C5CF-46E4-BE2F-F95353ACB5E2}"
EndProject
Project("{9A19103F-16F7-4668-BE54-9A1E7A4F7556}") = "Aurio.Test.HugeControlRendering", "Aurio.Test.HugeControlRendering\Aurio.Test.HugeControlRendering.csproj", "{EDD59524-641D-4EB3-BF96-7138BBA8D009}"
EndProject
Project("{9A19103F-16F7-4668-BE54-9A1E7A4F7556}") = "Aurio.Test.WaveViewControl", "Aurio.Test.WaveViewControl\Aurio.Test.WaveViewControl.csproj", "{43D48477-7227-4F75-B1DF-DBB584C53FC0}"
EndProject
Project("{9A19103F-16F7-4668-BE54-9A1E7A4F7556}") = "Aurio.Test.MultitrackPlayback", "Aurio.Test.MultitrackPlayback\Aurio.Test.MultitrackPlayback.csproj", "{53EF9934-4B85-40E4-8846-1D2ACDA6A9E7}"
EndProject
Project("{9A19103F-16F7-4668-BE54-9A1E7A4F7556}") = "Aurio.Test.FFT", "Aurio.Test.FFT\Aurio.Test.FFT.csproj", "{7B4A521E-043B-4077-9C01-6DD36CFADE10}"
	ProjectSection(ProjectDependencies) = postProject
		{1904A41B-D1B8-40E5-ADBB-728DDCF7C816} = {1904A41B-D1B8-40E5-ADBB-728DDCF7C816}
	EndProjectSection
EndProject
Project("{9A19103F-16F7-4668-BE54-9A1E7A4F7556}") = "Aurio.LibSampleRate", "Aurio.LibSampleRate\Aurio.LibSampleRate.csproj", "{CC813B15-06BB-4334-96C6-DD252BE37D1B}"
EndProject
Project("{9A19103F-16F7-4668-BE54-9A1E7A4F7556}") = "Aurio.Test.ResamplingStream", "Aurio.Test.ResamplingStream\Aurio.Test.ResamplingStream.csproj", "{06905325-4F46-44BC-BE60-C61526073998}"
EndProject
Project("{9A19103F-16F7-4668-BE54-9A1E7A4F7556}") = "Aurio.Test.FingerprintingHaitsmaKalker2002", "Aurio.Test.FingerprintingHaitsmaKalker2002\Aurio.Test.FingerprintingHaitsmaKalker2002.csproj", "{38F3B4F3-9739-4FE2-A6F3-41436D6297D0}"
EndProject
Project("{9A19103F-16F7-4668-BE54-9A1E7A4F7556}") = "Aurio.Test.Streams", "Aurio.Test.Streams\Aurio.Test.Streams.csproj", "{C7062944-F8C0-4FF6-8B3A-E30588F39612}"
EndProject
Project("{9A19103F-16F7-4668-BE54-9A1E7A4F7556}") = "Aurio.UnitTest", "Aurio.UnitTest\Aurio.UnitTest.csproj", "{26C6CD2C-D5B6-4905-B586-1FB27D699BB8}"
EndProject
Project("{2150E333-8FDC-42A3-9474-1A3956D46DE8}") = "Solution Items", "Solution Items", "{0AF26727-F1F0-4DA1-A9C8-6DDCCF1F1E56}"
	ProjectSection(SolutionItems) = preProject
		Aurio.licenseheader = Aurio.licenseheader
		Directory.Build.props = Directory.Build.props
	EndProjectSection
EndProject
Project("{9A19103F-16F7-4668-BE54-9A1E7A4F7556}") = "Exocortex.DSP", "..\ExocortexDSP\Exocortex.DSP.csproj", "{1904A41B-D1B8-40E5-ADBB-728DDCF7C816}"
EndProject
Project("{9A19103F-16F7-4668-BE54-9A1E7A4F7556}") = "WaveCutter", "WaveCutter\WaveCutter.csproj", "{880B333B-3ADA-469A-A333-A9023B4D8F6F}"
EndProject
Project("{9A19103F-16F7-4668-BE54-9A1E7A4F7556}") = "Aurio.FFTW", "Aurio.FFTW\Aurio.FFTW.csproj", "{880F644B-5370-47D6-A4B6-F98338073631}"
EndProject
Project("{9A19103F-16F7-4668-BE54-9A1E7A4F7556}") = "MusicDetector", "MusicDetector\MusicDetector.csproj", "{ECC7AB0C-7DB9-439F-95E1-95C206759DFE}"
EndProject
Project("{9A19103F-16F7-4668-BE54-9A1E7A4F7556}") = "BatchResampler", "BatchResampler\BatchResampler.csproj", "{937AA772-00F3-45B8-A9FE-8504F3D12909}"
EndProject
Project("{9A19103F-16F7-4668-BE54-9A1E7A4F7556}") = "Aurio.FFmpeg", "Aurio.FFmpeg\Aurio.FFmpeg.csproj", "{8A1A603C-7005-4CC0-9AB7-E6FD3F58F621}"
EndProject
Project("{9A19103F-16F7-4668-BE54-9A1E7A4F7556}") = "Aurio.FFmpeg.Test", "Aurio.FFmpeg.Test\Aurio.FFmpeg.Test.csproj", "{616330A6-6386-40F1-907D-CD46884FA86F}"
EndProject
Project("{2150E333-8FDC-42A3-9474-1A3956D46DE8}") = "Tests", "Tests", "{33AD9CF5-1CD7-4393-A5A8-42A64760C229}"
EndProject
Project("{2150E333-8FDC-42A3-9474-1A3956D46DE8}") = "Tools", "Tools", "{02507825-08DE-4A31-B1C8-531BB8DA6BAC}"
EndProject
Project("{2150E333-8FDC-42A3-9474-1A3956D46DE8}") = "Dependencies", "Dependencies", "{C10A7AB5-A4DB-414C-859F-B642CCBC48FF}"
EndProject
Project("{9A19103F-16F7-4668-BE54-9A1E7A4F7556}") = "Aurio.Soxr", "Aurio.Soxr\Aurio.Soxr.csproj", "{24228071-5E72-4BA8-90E3-89DE331A718C}"
EndProject
Project("{9A19103F-16F7-4668-BE54-9A1E7A4F7556}") = "Aurio.Soxr.UnitTest", "Aurio.Soxr.UnitTest\Aurio.Soxr.UnitTest.csproj", "{22B3D2D1-D139-4AC6-B72A-1A96F1CCBBBE}"
EndProject
Project("{9A19103F-16F7-4668-BE54-9A1E7A4F7556}") = "Aurio.PFFFT", "Aurio.PFFFT\Aurio.PFFFT.csproj", "{3960F81D-5AEA-4F36-A26C-F295DFF3FCB6}"
EndProject
Project("{9A19103F-16F7-4668-BE54-9A1E7A4F7556}") = "Aurio.PFFFT.UnitTest", "Aurio.PFFFT.UnitTest\Aurio.PFFFT.UnitTest.csproj", "{726D85B6-A389-417B-A85B-4ACACDEE4640}"
EndProject
Project("{9A19103F-16F7-4668-BE54-9A1E7A4F7556}") = "Aurio.Test.FingerprintingWang2003", "Aurio.Test.FingerprintingWang2003\Aurio.Test.FingerprintingWang2003.csproj", "{FF2B695C-7567-4DDD-A8F4-E16BE2E49A65}"
EndProject
Project("{9A19103F-16F7-4668-BE54-9A1E7A4F7556}") = "Aurio.Test.FingerprintingBenchmark", "Aurio.Test.FingerprintingBenchmark\Aurio.Test.FingerprintingBenchmark.csproj", "{84A2C4C9-874C-47E7-8397-47D5ED8C00D4}"
EndProject
Project("{9A19103F-16F7-4668-BE54-9A1E7A4F7556}") = "Aurio.Exocortex", "Aurio.Exocortex\Aurio.Exocortex.csproj", "{07E29736-D056-4F4A-BCDA-FC12709AFAFA}"
EndProject
Project("{9A19103F-16F7-4668-BE54-9A1E7A4F7556}") = "Aurio.Test.NetCore", "Aurio.Test.NetCore\Aurio.Test.NetCore.csproj", "{9608092D-D9B7-4109-B1F0-DC597D879000}"
EndProject
Project("{9A19103F-16F7-4668-BE54-9A1E7A4F7556}") = "Aurio.Test.RealtimeFingerprinting", "Aurio.Test.RealtimeFingerprinting\Aurio.Test.RealtimeFingerprinting.csproj", "{9E5A86DE-6CE3-4D6F-BD98-B5A299999EAA}"
EndProject
Project("{9A19103F-16F7-4668-BE54-9A1E7A4F7556}") = "Aurio.Matching.SQLite", "Aurio.Matching.SQLite\Aurio.Matching.SQLite.csproj", "{01A4838A-FCF8-454F-A92D-1854177CF162}"
EndProject
Project("{9A19103F-16F7-4668-BE54-9A1E7A4F7556}") = "Aurio.Windows", "Aurio.Windows\Aurio.Windows.csproj", "{7DFA8BE7-1FC6-4749-AE7F-3C54A895E219}"
EndProject
Project("{FAE04EC0-301F-11D3-BF4B-00C04F79EFBC}") = "Aurio.FFmpeg.UnitTest", "Aurio.FFmpeg.UnitTest\Aurio.FFmpeg.UnitTest.csproj", "{AEDEF467-0847-4E2C-9C90-B72B1555D98A}"
EndProject
Project("{FAE04EC0-301F-11D3-BF4B-00C04F79EFBC}") = "Aurio.Test.FFTBenchmark", "Aurio.Test.FFTBenchmark\Aurio.Test.FFTBenchmark.csproj", "{D4D5CF31-D2F3-4A78-A8B9-75355AB0ED21}"
EndProject
Project("{FAE04EC0-301F-11D3-BF4B-00C04F79EFBC}") = "Aurio.FftSharp", "Aurio.FftSharp\Aurio.FftSharp.csproj", "{F32AEDA5-44D5-4A23-BE0F-8E175F264144}"
EndProject
Global
	GlobalSection(SolutionConfigurationPlatforms) = preSolution
		Debug|Any CPU = Debug|Any CPU
		Debug|x64 = Debug|x64
		Debug|x86 = Debug|x86
		LinuxDebug|Any CPU = LinuxDebug|Any CPU
		LinuxDebug|x64 = LinuxDebug|x64
		LinuxDebug|x86 = LinuxDebug|x86
		LinuxRelease|Any CPU = LinuxRelease|Any CPU
		LinuxRelease|x64 = LinuxRelease|x64
		LinuxRelease|x86 = LinuxRelease|x86
		Release|Any CPU = Release|Any CPU
		Release|x64 = Release|x64
		Release|x86 = Release|x86
	EndGlobalSection
	GlobalSection(ProjectConfigurationPlatforms) = postSolution
		{FD0C6CC5-B509-4441-9AA2-E8B34BAD9F95}.Debug|Any CPU.ActiveCfg = Debug|Any CPU
		{FD0C6CC5-B509-4441-9AA2-E8B34BAD9F95}.Debug|Any CPU.Build.0 = Debug|Any CPU
		{FD0C6CC5-B509-4441-9AA2-E8B34BAD9F95}.Debug|x64.ActiveCfg = Debug|Any CPU
		{FD0C6CC5-B509-4441-9AA2-E8B34BAD9F95}.Debug|x64.Build.0 = Debug|Any CPU
		{FD0C6CC5-B509-4441-9AA2-E8B34BAD9F95}.Debug|x86.ActiveCfg = Debug|Any CPU
		{FD0C6CC5-B509-4441-9AA2-E8B34BAD9F95}.Debug|x86.Build.0 = Debug|Any CPU
		{FD0C6CC5-B509-4441-9AA2-E8B34BAD9F95}.LinuxDebug|Any CPU.ActiveCfg = Debug|Any CPU
		{FD0C6CC5-B509-4441-9AA2-E8B34BAD9F95}.LinuxDebug|x64.ActiveCfg = Debug|Any CPU
		{FD0C6CC5-B509-4441-9AA2-E8B34BAD9F95}.LinuxDebug|x64.Build.0 = Debug|Any CPU
		{FD0C6CC5-B509-4441-9AA2-E8B34BAD9F95}.LinuxDebug|x86.ActiveCfg = Debug|Any CPU
		{FD0C6CC5-B509-4441-9AA2-E8B34BAD9F95}.LinuxDebug|x86.Build.0 = Debug|Any CPU
		{FD0C6CC5-B509-4441-9AA2-E8B34BAD9F95}.LinuxRelease|Any CPU.ActiveCfg = Release|Any CPU
		{FD0C6CC5-B509-4441-9AA2-E8B34BAD9F95}.LinuxRelease|x64.ActiveCfg = Release|Any CPU
		{FD0C6CC5-B509-4441-9AA2-E8B34BAD9F95}.LinuxRelease|x64.Build.0 = Release|Any CPU
		{FD0C6CC5-B509-4441-9AA2-E8B34BAD9F95}.LinuxRelease|x86.ActiveCfg = Release|Any CPU
		{FD0C6CC5-B509-4441-9AA2-E8B34BAD9F95}.LinuxRelease|x86.Build.0 = Release|Any CPU
		{FD0C6CC5-B509-4441-9AA2-E8B34BAD9F95}.Release|Any CPU.ActiveCfg = Release|Any CPU
		{FD0C6CC5-B509-4441-9AA2-E8B34BAD9F95}.Release|Any CPU.Build.0 = Release|Any CPU
		{FD0C6CC5-B509-4441-9AA2-E8B34BAD9F95}.Release|x64.ActiveCfg = Release|Any CPU
		{FD0C6CC5-B509-4441-9AA2-E8B34BAD9F95}.Release|x64.Build.0 = Release|Any CPU
		{FD0C6CC5-B509-4441-9AA2-E8B34BAD9F95}.Release|x86.ActiveCfg = Release|Any CPU
		{FD0C6CC5-B509-4441-9AA2-E8B34BAD9F95}.Release|x86.Build.0 = Release|Any CPU
		{E868D91E-C5CF-46E4-BE2F-F95353ACB5E2}.Debug|Any CPU.ActiveCfg = Debug|Any CPU
		{E868D91E-C5CF-46E4-BE2F-F95353ACB5E2}.Debug|Any CPU.Build.0 = Debug|Any CPU
		{E868D91E-C5CF-46E4-BE2F-F95353ACB5E2}.Debug|x64.ActiveCfg = Debug|Any CPU
		{E868D91E-C5CF-46E4-BE2F-F95353ACB5E2}.Debug|x64.Build.0 = Debug|Any CPU
		{E868D91E-C5CF-46E4-BE2F-F95353ACB5E2}.Debug|x86.ActiveCfg = Debug|Any CPU
		{E868D91E-C5CF-46E4-BE2F-F95353ACB5E2}.Debug|x86.Build.0 = Debug|Any CPU
		{E868D91E-C5CF-46E4-BE2F-F95353ACB5E2}.LinuxDebug|Any CPU.ActiveCfg = Debug|Any CPU
		{E868D91E-C5CF-46E4-BE2F-F95353ACB5E2}.LinuxDebug|Any CPU.Build.0 = Debug|Any CPU
		{E868D91E-C5CF-46E4-BE2F-F95353ACB5E2}.LinuxDebug|x64.ActiveCfg = Debug|Any CPU
		{E868D91E-C5CF-46E4-BE2F-F95353ACB5E2}.LinuxDebug|x64.Build.0 = Debug|Any CPU
		{E868D91E-C5CF-46E4-BE2F-F95353ACB5E2}.LinuxDebug|x86.ActiveCfg = Debug|Any CPU
		{E868D91E-C5CF-46E4-BE2F-F95353ACB5E2}.LinuxDebug|x86.Build.0 = Debug|Any CPU
		{E868D91E-C5CF-46E4-BE2F-F95353ACB5E2}.LinuxRelease|Any CPU.ActiveCfg = Release|Any CPU
		{E868D91E-C5CF-46E4-BE2F-F95353ACB5E2}.LinuxRelease|Any CPU.Build.0 = Release|Any CPU
		{E868D91E-C5CF-46E4-BE2F-F95353ACB5E2}.LinuxRelease|x64.ActiveCfg = Release|Any CPU
		{E868D91E-C5CF-46E4-BE2F-F95353ACB5E2}.LinuxRelease|x64.Build.0 = Release|Any CPU
		{E868D91E-C5CF-46E4-BE2F-F95353ACB5E2}.LinuxRelease|x86.ActiveCfg = Release|Any CPU
		{E868D91E-C5CF-46E4-BE2F-F95353ACB5E2}.LinuxRelease|x86.Build.0 = Release|Any CPU
		{E868D91E-C5CF-46E4-BE2F-F95353ACB5E2}.Release|Any CPU.ActiveCfg = Release|Any CPU
		{E868D91E-C5CF-46E4-BE2F-F95353ACB5E2}.Release|Any CPU.Build.0 = Release|Any CPU
		{E868D91E-C5CF-46E4-BE2F-F95353ACB5E2}.Release|x64.ActiveCfg = Release|Any CPU
		{E868D91E-C5CF-46E4-BE2F-F95353ACB5E2}.Release|x64.Build.0 = Release|Any CPU
		{E868D91E-C5CF-46E4-BE2F-F95353ACB5E2}.Release|x86.ActiveCfg = Release|Any CPU
		{E868D91E-C5CF-46E4-BE2F-F95353ACB5E2}.Release|x86.Build.0 = Release|Any CPU
		{EDD59524-641D-4EB3-BF96-7138BBA8D009}.Debug|Any CPU.ActiveCfg = Debug|Any CPU
		{EDD59524-641D-4EB3-BF96-7138BBA8D009}.Debug|Any CPU.Build.0 = Debug|Any CPU
		{EDD59524-641D-4EB3-BF96-7138BBA8D009}.Debug|x64.ActiveCfg = Debug|Any CPU
		{EDD59524-641D-4EB3-BF96-7138BBA8D009}.Debug|x64.Build.0 = Debug|Any CPU
		{EDD59524-641D-4EB3-BF96-7138BBA8D009}.Debug|x86.ActiveCfg = Debug|Any CPU
		{EDD59524-641D-4EB3-BF96-7138BBA8D009}.Debug|x86.Build.0 = Debug|Any CPU
		{EDD59524-641D-4EB3-BF96-7138BBA8D009}.LinuxDebug|Any CPU.ActiveCfg = Debug|Any CPU
		{EDD59524-641D-4EB3-BF96-7138BBA8D009}.LinuxDebug|x64.ActiveCfg = Debug|Any CPU
		{EDD59524-641D-4EB3-BF96-7138BBA8D009}.LinuxDebug|x64.Build.0 = Debug|Any CPU
		{EDD59524-641D-4EB3-BF96-7138BBA8D009}.LinuxDebug|x86.ActiveCfg = Debug|Any CPU
		{EDD59524-641D-4EB3-BF96-7138BBA8D009}.LinuxDebug|x86.Build.0 = Debug|Any CPU
		{EDD59524-641D-4EB3-BF96-7138BBA8D009}.LinuxRelease|Any CPU.ActiveCfg = Release|Any CPU
		{EDD59524-641D-4EB3-BF96-7138BBA8D009}.LinuxRelease|x64.ActiveCfg = Release|Any CPU
		{EDD59524-641D-4EB3-BF96-7138BBA8D009}.LinuxRelease|x64.Build.0 = Release|Any CPU
		{EDD59524-641D-4EB3-BF96-7138BBA8D009}.LinuxRelease|x86.ActiveCfg = Release|Any CPU
		{EDD59524-641D-4EB3-BF96-7138BBA8D009}.LinuxRelease|x86.Build.0 = Release|Any CPU
		{EDD59524-641D-4EB3-BF96-7138BBA8D009}.Release|Any CPU.ActiveCfg = Release|Any CPU
		{EDD59524-641D-4EB3-BF96-7138BBA8D009}.Release|Any CPU.Build.0 = Release|Any CPU
		{EDD59524-641D-4EB3-BF96-7138BBA8D009}.Release|x64.ActiveCfg = Release|Any CPU
		{EDD59524-641D-4EB3-BF96-7138BBA8D009}.Release|x64.Build.0 = Release|Any CPU
		{EDD59524-641D-4EB3-BF96-7138BBA8D009}.Release|x86.ActiveCfg = Release|Any CPU
		{EDD59524-641D-4EB3-BF96-7138BBA8D009}.Release|x86.Build.0 = Release|Any CPU
		{43D48477-7227-4F75-B1DF-DBB584C53FC0}.Debug|Any CPU.ActiveCfg = Debug|Any CPU
		{43D48477-7227-4F75-B1DF-DBB584C53FC0}.Debug|Any CPU.Build.0 = Debug|Any CPU
		{43D48477-7227-4F75-B1DF-DBB584C53FC0}.Debug|x64.ActiveCfg = Debug|Any CPU
		{43D48477-7227-4F75-B1DF-DBB584C53FC0}.Debug|x64.Build.0 = Debug|Any CPU
		{43D48477-7227-4F75-B1DF-DBB584C53FC0}.Debug|x86.ActiveCfg = Debug|Any CPU
		{43D48477-7227-4F75-B1DF-DBB584C53FC0}.Debug|x86.Build.0 = Debug|Any CPU
		{43D48477-7227-4F75-B1DF-DBB584C53FC0}.LinuxDebug|Any CPU.ActiveCfg = Debug|Any CPU
		{43D48477-7227-4F75-B1DF-DBB584C53FC0}.LinuxDebug|x64.ActiveCfg = Debug|Any CPU
		{43D48477-7227-4F75-B1DF-DBB584C53FC0}.LinuxDebug|x64.Build.0 = Debug|Any CPU
		{43D48477-7227-4F75-B1DF-DBB584C53FC0}.LinuxDebug|x86.ActiveCfg = Debug|Any CPU
		{43D48477-7227-4F75-B1DF-DBB584C53FC0}.LinuxDebug|x86.Build.0 = Debug|Any CPU
		{43D48477-7227-4F75-B1DF-DBB584C53FC0}.LinuxRelease|Any CPU.ActiveCfg = Release|Any CPU
		{43D48477-7227-4F75-B1DF-DBB584C53FC0}.LinuxRelease|x64.ActiveCfg = Release|Any CPU
		{43D48477-7227-4F75-B1DF-DBB584C53FC0}.LinuxRelease|x64.Build.0 = Release|Any CPU
		{43D48477-7227-4F75-B1DF-DBB584C53FC0}.LinuxRelease|x86.ActiveCfg = Release|Any CPU
		{43D48477-7227-4F75-B1DF-DBB584C53FC0}.LinuxRelease|x86.Build.0 = Release|Any CPU
		{43D48477-7227-4F75-B1DF-DBB584C53FC0}.Release|Any CPU.ActiveCfg = Release|Any CPU
		{43D48477-7227-4F75-B1DF-DBB584C53FC0}.Release|Any CPU.Build.0 = Release|Any CPU
		{43D48477-7227-4F75-B1DF-DBB584C53FC0}.Release|x64.ActiveCfg = Release|Any CPU
		{43D48477-7227-4F75-B1DF-DBB584C53FC0}.Release|x64.Build.0 = Release|Any CPU
		{43D48477-7227-4F75-B1DF-DBB584C53FC0}.Release|x86.ActiveCfg = Release|Any CPU
		{43D48477-7227-4F75-B1DF-DBB584C53FC0}.Release|x86.Build.0 = Release|Any CPU
		{53EF9934-4B85-40E4-8846-1D2ACDA6A9E7}.Debug|Any CPU.ActiveCfg = Debug|Any CPU
		{53EF9934-4B85-40E4-8846-1D2ACDA6A9E7}.Debug|Any CPU.Build.0 = Debug|Any CPU
		{53EF9934-4B85-40E4-8846-1D2ACDA6A9E7}.Debug|x64.ActiveCfg = Debug|Any CPU
		{53EF9934-4B85-40E4-8846-1D2ACDA6A9E7}.Debug|x64.Build.0 = Debug|Any CPU
		{53EF9934-4B85-40E4-8846-1D2ACDA6A9E7}.Debug|x86.ActiveCfg = Debug|Any CPU
		{53EF9934-4B85-40E4-8846-1D2ACDA6A9E7}.Debug|x86.Build.0 = Debug|Any CPU
		{53EF9934-4B85-40E4-8846-1D2ACDA6A9E7}.LinuxDebug|Any CPU.ActiveCfg = Debug|Any CPU
		{53EF9934-4B85-40E4-8846-1D2ACDA6A9E7}.LinuxDebug|x64.ActiveCfg = Debug|Any CPU
		{53EF9934-4B85-40E4-8846-1D2ACDA6A9E7}.LinuxDebug|x64.Build.0 = Debug|Any CPU
		{53EF9934-4B85-40E4-8846-1D2ACDA6A9E7}.LinuxDebug|x86.ActiveCfg = Debug|Any CPU
		{53EF9934-4B85-40E4-8846-1D2ACDA6A9E7}.LinuxDebug|x86.Build.0 = Debug|Any CPU
		{53EF9934-4B85-40E4-8846-1D2ACDA6A9E7}.LinuxRelease|Any CPU.ActiveCfg = Release|Any CPU
		{53EF9934-4B85-40E4-8846-1D2ACDA6A9E7}.LinuxRelease|x64.ActiveCfg = Release|Any CPU
		{53EF9934-4B85-40E4-8846-1D2ACDA6A9E7}.LinuxRelease|x64.Build.0 = Release|Any CPU
		{53EF9934-4B85-40E4-8846-1D2ACDA6A9E7}.LinuxRelease|x86.ActiveCfg = Release|Any CPU
		{53EF9934-4B85-40E4-8846-1D2ACDA6A9E7}.LinuxRelease|x86.Build.0 = Release|Any CPU
		{53EF9934-4B85-40E4-8846-1D2ACDA6A9E7}.Release|Any CPU.ActiveCfg = Release|Any CPU
		{53EF9934-4B85-40E4-8846-1D2ACDA6A9E7}.Release|Any CPU.Build.0 = Release|Any CPU
		{53EF9934-4B85-40E4-8846-1D2ACDA6A9E7}.Release|x64.ActiveCfg = Release|Any CPU
		{53EF9934-4B85-40E4-8846-1D2ACDA6A9E7}.Release|x64.Build.0 = Release|Any CPU
		{53EF9934-4B85-40E4-8846-1D2ACDA6A9E7}.Release|x86.ActiveCfg = Release|Any CPU
		{53EF9934-4B85-40E4-8846-1D2ACDA6A9E7}.Release|x86.Build.0 = Release|Any CPU
		{7B4A521E-043B-4077-9C01-6DD36CFADE10}.Debug|Any CPU.ActiveCfg = Debug|Any CPU
		{7B4A521E-043B-4077-9C01-6DD36CFADE10}.Debug|Any CPU.Build.0 = Debug|Any CPU
		{7B4A521E-043B-4077-9C01-6DD36CFADE10}.Debug|x64.ActiveCfg = Debug|Any CPU
		{7B4A521E-043B-4077-9C01-6DD36CFADE10}.Debug|x64.Build.0 = Debug|Any CPU
		{7B4A521E-043B-4077-9C01-6DD36CFADE10}.Debug|x86.ActiveCfg = Debug|Any CPU
		{7B4A521E-043B-4077-9C01-6DD36CFADE10}.Debug|x86.Build.0 = Debug|Any CPU
		{7B4A521E-043B-4077-9C01-6DD36CFADE10}.LinuxDebug|Any CPU.ActiveCfg = Debug|Any CPU
		{7B4A521E-043B-4077-9C01-6DD36CFADE10}.LinuxDebug|x64.ActiveCfg = Debug|Any CPU
		{7B4A521E-043B-4077-9C01-6DD36CFADE10}.LinuxDebug|x64.Build.0 = Debug|Any CPU
		{7B4A521E-043B-4077-9C01-6DD36CFADE10}.LinuxDebug|x86.ActiveCfg = Debug|Any CPU
		{7B4A521E-043B-4077-9C01-6DD36CFADE10}.LinuxDebug|x86.Build.0 = Debug|Any CPU
		{7B4A521E-043B-4077-9C01-6DD36CFADE10}.LinuxRelease|Any CPU.ActiveCfg = Release|Any CPU
		{7B4A521E-043B-4077-9C01-6DD36CFADE10}.LinuxRelease|x64.ActiveCfg = Release|Any CPU
		{7B4A521E-043B-4077-9C01-6DD36CFADE10}.LinuxRelease|x64.Build.0 = Release|Any CPU
		{7B4A521E-043B-4077-9C01-6DD36CFADE10}.LinuxRelease|x86.ActiveCfg = Release|Any CPU
		{7B4A521E-043B-4077-9C01-6DD36CFADE10}.LinuxRelease|x86.Build.0 = Release|Any CPU
		{7B4A521E-043B-4077-9C01-6DD36CFADE10}.Release|Any CPU.ActiveCfg = Release|Any CPU
		{7B4A521E-043B-4077-9C01-6DD36CFADE10}.Release|Any CPU.Build.0 = Release|Any CPU
		{7B4A521E-043B-4077-9C01-6DD36CFADE10}.Release|x64.ActiveCfg = Release|Any CPU
		{7B4A521E-043B-4077-9C01-6DD36CFADE10}.Release|x64.Build.0 = Release|Any CPU
		{7B4A521E-043B-4077-9C01-6DD36CFADE10}.Release|x86.ActiveCfg = Release|Any CPU
		{7B4A521E-043B-4077-9C01-6DD36CFADE10}.Release|x86.Build.0 = Release|Any CPU
		{CC813B15-06BB-4334-96C6-DD252BE37D1B}.Debug|Any CPU.ActiveCfg = Debug|Any CPU
		{CC813B15-06BB-4334-96C6-DD252BE37D1B}.Debug|Any CPU.Build.0 = Debug|Any CPU
		{CC813B15-06BB-4334-96C6-DD252BE37D1B}.Debug|x64.ActiveCfg = Debug|Any CPU
		{CC813B15-06BB-4334-96C6-DD252BE37D1B}.Debug|x64.Build.0 = Debug|Any CPU
		{CC813B15-06BB-4334-96C6-DD252BE37D1B}.Debug|x86.ActiveCfg = Debug|Any CPU
		{CC813B15-06BB-4334-96C6-DD252BE37D1B}.Debug|x86.Build.0 = Debug|Any CPU
		{CC813B15-06BB-4334-96C6-DD252BE37D1B}.LinuxDebug|Any CPU.ActiveCfg = Debug|Any CPU
		{CC813B15-06BB-4334-96C6-DD252BE37D1B}.LinuxDebug|x64.ActiveCfg = Debug|Any CPU
		{CC813B15-06BB-4334-96C6-DD252BE37D1B}.LinuxDebug|x64.Build.0 = Debug|Any CPU
		{CC813B15-06BB-4334-96C6-DD252BE37D1B}.LinuxDebug|x86.ActiveCfg = Debug|Any CPU
		{CC813B15-06BB-4334-96C6-DD252BE37D1B}.LinuxDebug|x86.Build.0 = Debug|Any CPU
		{CC813B15-06BB-4334-96C6-DD252BE37D1B}.LinuxRelease|Any CPU.ActiveCfg = Release|Any CPU
		{CC813B15-06BB-4334-96C6-DD252BE37D1B}.LinuxRelease|x64.ActiveCfg = Release|Any CPU
		{CC813B15-06BB-4334-96C6-DD252BE37D1B}.LinuxRelease|x64.Build.0 = Release|Any CPU
		{CC813B15-06BB-4334-96C6-DD252BE37D1B}.LinuxRelease|x86.ActiveCfg = Release|Any CPU
		{CC813B15-06BB-4334-96C6-DD252BE37D1B}.LinuxRelease|x86.Build.0 = Release|Any CPU
		{CC813B15-06BB-4334-96C6-DD252BE37D1B}.Release|Any CPU.ActiveCfg = Release|Any CPU
		{CC813B15-06BB-4334-96C6-DD252BE37D1B}.Release|Any CPU.Build.0 = Release|Any CPU
		{CC813B15-06BB-4334-96C6-DD252BE37D1B}.Release|x64.ActiveCfg = Release|Any CPU
		{CC813B15-06BB-4334-96C6-DD252BE37D1B}.Release|x64.Build.0 = Release|Any CPU
		{CC813B15-06BB-4334-96C6-DD252BE37D1B}.Release|x86.ActiveCfg = Release|Any CPU
		{CC813B15-06BB-4334-96C6-DD252BE37D1B}.Release|x86.Build.0 = Release|Any CPU
		{06905325-4F46-44BC-BE60-C61526073998}.Debug|Any CPU.ActiveCfg = Debug|Any CPU
		{06905325-4F46-44BC-BE60-C61526073998}.Debug|Any CPU.Build.0 = Debug|Any CPU
		{06905325-4F46-44BC-BE60-C61526073998}.Debug|x64.ActiveCfg = Debug|Any CPU
		{06905325-4F46-44BC-BE60-C61526073998}.Debug|x64.Build.0 = Debug|Any CPU
		{06905325-4F46-44BC-BE60-C61526073998}.Debug|x86.ActiveCfg = Debug|Any CPU
		{06905325-4F46-44BC-BE60-C61526073998}.Debug|x86.Build.0 = Debug|Any CPU
		{06905325-4F46-44BC-BE60-C61526073998}.LinuxDebug|Any CPU.ActiveCfg = Debug|Any CPU
		{06905325-4F46-44BC-BE60-C61526073998}.LinuxDebug|x64.ActiveCfg = Debug|Any CPU
		{06905325-4F46-44BC-BE60-C61526073998}.LinuxDebug|x64.Build.0 = Debug|Any CPU
		{06905325-4F46-44BC-BE60-C61526073998}.LinuxDebug|x86.ActiveCfg = Debug|Any CPU
		{06905325-4F46-44BC-BE60-C61526073998}.LinuxDebug|x86.Build.0 = Debug|Any CPU
		{06905325-4F46-44BC-BE60-C61526073998}.LinuxRelease|Any CPU.ActiveCfg = Release|Any CPU
		{06905325-4F46-44BC-BE60-C61526073998}.LinuxRelease|x64.ActiveCfg = Release|Any CPU
		{06905325-4F46-44BC-BE60-C61526073998}.LinuxRelease|x64.Build.0 = Release|Any CPU
		{06905325-4F46-44BC-BE60-C61526073998}.LinuxRelease|x86.ActiveCfg = Release|Any CPU
		{06905325-4F46-44BC-BE60-C61526073998}.LinuxRelease|x86.Build.0 = Release|Any CPU
		{06905325-4F46-44BC-BE60-C61526073998}.Release|Any CPU.ActiveCfg = Release|Any CPU
		{06905325-4F46-44BC-BE60-C61526073998}.Release|Any CPU.Build.0 = Release|Any CPU
		{06905325-4F46-44BC-BE60-C61526073998}.Release|x64.ActiveCfg = Release|Any CPU
		{06905325-4F46-44BC-BE60-C61526073998}.Release|x64.Build.0 = Release|Any CPU
		{06905325-4F46-44BC-BE60-C61526073998}.Release|x86.ActiveCfg = Release|Any CPU
		{06905325-4F46-44BC-BE60-C61526073998}.Release|x86.Build.0 = Release|Any CPU
		{38F3B4F3-9739-4FE2-A6F3-41436D6297D0}.Debug|Any CPU.ActiveCfg = Debug|Any CPU
		{38F3B4F3-9739-4FE2-A6F3-41436D6297D0}.Debug|Any CPU.Build.0 = Debug|Any CPU
		{38F3B4F3-9739-4FE2-A6F3-41436D6297D0}.Debug|x64.ActiveCfg = Debug|Any CPU
		{38F3B4F3-9739-4FE2-A6F3-41436D6297D0}.Debug|x64.Build.0 = Debug|Any CPU
		{38F3B4F3-9739-4FE2-A6F3-41436D6297D0}.Debug|x86.ActiveCfg = Debug|Any CPU
		{38F3B4F3-9739-4FE2-A6F3-41436D6297D0}.Debug|x86.Build.0 = Debug|Any CPU
		{38F3B4F3-9739-4FE2-A6F3-41436D6297D0}.LinuxDebug|Any CPU.ActiveCfg = Debug|Any CPU
		{38F3B4F3-9739-4FE2-A6F3-41436D6297D0}.LinuxDebug|x64.ActiveCfg = Debug|Any CPU
		{38F3B4F3-9739-4FE2-A6F3-41436D6297D0}.LinuxDebug|x64.Build.0 = Debug|Any CPU
		{38F3B4F3-9739-4FE2-A6F3-41436D6297D0}.LinuxDebug|x86.ActiveCfg = Debug|Any CPU
		{38F3B4F3-9739-4FE2-A6F3-41436D6297D0}.LinuxDebug|x86.Build.0 = Debug|Any CPU
		{38F3B4F3-9739-4FE2-A6F3-41436D6297D0}.LinuxRelease|Any CPU.ActiveCfg = Release|Any CPU
		{38F3B4F3-9739-4FE2-A6F3-41436D6297D0}.LinuxRelease|x64.ActiveCfg = Release|Any CPU
		{38F3B4F3-9739-4FE2-A6F3-41436D6297D0}.LinuxRelease|x64.Build.0 = Release|Any CPU
		{38F3B4F3-9739-4FE2-A6F3-41436D6297D0}.LinuxRelease|x86.ActiveCfg = Release|Any CPU
		{38F3B4F3-9739-4FE2-A6F3-41436D6297D0}.LinuxRelease|x86.Build.0 = Release|Any CPU
		{38F3B4F3-9739-4FE2-A6F3-41436D6297D0}.Release|Any CPU.ActiveCfg = Release|Any CPU
		{38F3B4F3-9739-4FE2-A6F3-41436D6297D0}.Release|Any CPU.Build.0 = Release|Any CPU
		{38F3B4F3-9739-4FE2-A6F3-41436D6297D0}.Release|x64.ActiveCfg = Release|Any CPU
		{38F3B4F3-9739-4FE2-A6F3-41436D6297D0}.Release|x64.Build.0 = Release|Any CPU
		{38F3B4F3-9739-4FE2-A6F3-41436D6297D0}.Release|x86.ActiveCfg = Release|Any CPU
		{38F3B4F3-9739-4FE2-A6F3-41436D6297D0}.Release|x86.Build.0 = Release|Any CPU
		{C7062944-F8C0-4FF6-8B3A-E30588F39612}.Debug|Any CPU.ActiveCfg = Debug|Any CPU
		{C7062944-F8C0-4FF6-8B3A-E30588F39612}.Debug|Any CPU.Build.0 = Debug|Any CPU
		{C7062944-F8C0-4FF6-8B3A-E30588F39612}.Debug|x64.ActiveCfg = Debug|Any CPU
		{C7062944-F8C0-4FF6-8B3A-E30588F39612}.Debug|x64.Build.0 = Debug|Any CPU
		{C7062944-F8C0-4FF6-8B3A-E30588F39612}.Debug|x86.ActiveCfg = Debug|Any CPU
		{C7062944-F8C0-4FF6-8B3A-E30588F39612}.Debug|x86.Build.0 = Debug|Any CPU
		{C7062944-F8C0-4FF6-8B3A-E30588F39612}.LinuxDebug|Any CPU.ActiveCfg = Debug|Any CPU
		{C7062944-F8C0-4FF6-8B3A-E30588F39612}.LinuxDebug|x64.ActiveCfg = Debug|Any CPU
		{C7062944-F8C0-4FF6-8B3A-E30588F39612}.LinuxDebug|x64.Build.0 = Debug|Any CPU
		{C7062944-F8C0-4FF6-8B3A-E30588F39612}.LinuxDebug|x86.ActiveCfg = Debug|Any CPU
		{C7062944-F8C0-4FF6-8B3A-E30588F39612}.LinuxDebug|x86.Build.0 = Debug|Any CPU
		{C7062944-F8C0-4FF6-8B3A-E30588F39612}.LinuxRelease|Any CPU.ActiveCfg = Release|Any CPU
		{C7062944-F8C0-4FF6-8B3A-E30588F39612}.LinuxRelease|x64.ActiveCfg = Release|Any CPU
		{C7062944-F8C0-4FF6-8B3A-E30588F39612}.LinuxRelease|x64.Build.0 = Release|Any CPU
		{C7062944-F8C0-4FF6-8B3A-E30588F39612}.LinuxRelease|x86.ActiveCfg = Release|Any CPU
		{C7062944-F8C0-4FF6-8B3A-E30588F39612}.LinuxRelease|x86.Build.0 = Release|Any CPU
		{C7062944-F8C0-4FF6-8B3A-E30588F39612}.Release|Any CPU.ActiveCfg = Release|Any CPU
		{C7062944-F8C0-4FF6-8B3A-E30588F39612}.Release|Any CPU.Build.0 = Release|Any CPU
		{C7062944-F8C0-4FF6-8B3A-E30588F39612}.Release|x64.ActiveCfg = Release|Any CPU
		{C7062944-F8C0-4FF6-8B3A-E30588F39612}.Release|x64.Build.0 = Release|Any CPU
		{C7062944-F8C0-4FF6-8B3A-E30588F39612}.Release|x86.ActiveCfg = Release|Any CPU
		{C7062944-F8C0-4FF6-8B3A-E30588F39612}.Release|x86.Build.0 = Release|Any CPU
		{26C6CD2C-D5B6-4905-B586-1FB27D699BB8}.Debug|Any CPU.ActiveCfg = Debug|Any CPU
		{26C6CD2C-D5B6-4905-B586-1FB27D699BB8}.Debug|Any CPU.Build.0 = Debug|Any CPU
		{26C6CD2C-D5B6-4905-B586-1FB27D699BB8}.Debug|x64.ActiveCfg = Debug|Any CPU
		{26C6CD2C-D5B6-4905-B586-1FB27D699BB8}.Debug|x64.Build.0 = Debug|Any CPU
		{26C6CD2C-D5B6-4905-B586-1FB27D699BB8}.Debug|x86.ActiveCfg = Debug|Any CPU
		{26C6CD2C-D5B6-4905-B586-1FB27D699BB8}.Debug|x86.Build.0 = Debug|Any CPU
		{26C6CD2C-D5B6-4905-B586-1FB27D699BB8}.LinuxDebug|Any CPU.ActiveCfg = Debug|Any CPU
		{26C6CD2C-D5B6-4905-B586-1FB27D699BB8}.LinuxDebug|Any CPU.Build.0 = Debug|Any CPU
		{26C6CD2C-D5B6-4905-B586-1FB27D699BB8}.LinuxDebug|x64.ActiveCfg = Debug|Any CPU
		{26C6CD2C-D5B6-4905-B586-1FB27D699BB8}.LinuxDebug|x64.Build.0 = Debug|Any CPU
		{26C6CD2C-D5B6-4905-B586-1FB27D699BB8}.LinuxDebug|x86.ActiveCfg = Debug|Any CPU
		{26C6CD2C-D5B6-4905-B586-1FB27D699BB8}.LinuxDebug|x86.Build.0 = Debug|Any CPU
		{26C6CD2C-D5B6-4905-B586-1FB27D699BB8}.LinuxRelease|Any CPU.ActiveCfg = Release|Any CPU
		{26C6CD2C-D5B6-4905-B586-1FB27D699BB8}.LinuxRelease|Any CPU.Build.0 = Release|Any CPU
		{26C6CD2C-D5B6-4905-B586-1FB27D699BB8}.LinuxRelease|x64.ActiveCfg = Release|Any CPU
		{26C6CD2C-D5B6-4905-B586-1FB27D699BB8}.LinuxRelease|x64.Build.0 = Release|Any CPU
		{26C6CD2C-D5B6-4905-B586-1FB27D699BB8}.LinuxRelease|x86.ActiveCfg = Release|Any CPU
		{26C6CD2C-D5B6-4905-B586-1FB27D699BB8}.LinuxRelease|x86.Build.0 = Release|Any CPU
		{26C6CD2C-D5B6-4905-B586-1FB27D699BB8}.Release|Any CPU.ActiveCfg = Release|Any CPU
		{26C6CD2C-D5B6-4905-B586-1FB27D699BB8}.Release|Any CPU.Build.0 = Release|Any CPU
		{26C6CD2C-D5B6-4905-B586-1FB27D699BB8}.Release|x64.ActiveCfg = Release|Any CPU
		{26C6CD2C-D5B6-4905-B586-1FB27D699BB8}.Release|x64.Build.0 = Release|Any CPU
		{26C6CD2C-D5B6-4905-B586-1FB27D699BB8}.Release|x86.ActiveCfg = Release|Any CPU
		{26C6CD2C-D5B6-4905-B586-1FB27D699BB8}.Release|x86.Build.0 = Release|Any CPU
		{1904A41B-D1B8-40E5-ADBB-728DDCF7C816}.Debug|Any CPU.ActiveCfg = Debug|Any CPU
		{1904A41B-D1B8-40E5-ADBB-728DDCF7C816}.Debug|Any CPU.Build.0 = Debug|Any CPU
		{1904A41B-D1B8-40E5-ADBB-728DDCF7C816}.Debug|x64.ActiveCfg = Debug|Any CPU
		{1904A41B-D1B8-40E5-ADBB-728DDCF7C816}.Debug|x64.Build.0 = Debug|Any CPU
		{1904A41B-D1B8-40E5-ADBB-728DDCF7C816}.Debug|x86.ActiveCfg = Debug|Any CPU
		{1904A41B-D1B8-40E5-ADBB-728DDCF7C816}.Debug|x86.Build.0 = Debug|Any CPU
		{1904A41B-D1B8-40E5-ADBB-728DDCF7C816}.LinuxDebug|Any CPU.ActiveCfg = Debug|Any CPU
		{1904A41B-D1B8-40E5-ADBB-728DDCF7C816}.LinuxDebug|Any CPU.Build.0 = Debug|Any CPU
		{1904A41B-D1B8-40E5-ADBB-728DDCF7C816}.LinuxDebug|x64.ActiveCfg = Debug|Any CPU
		{1904A41B-D1B8-40E5-ADBB-728DDCF7C816}.LinuxDebug|x64.Build.0 = Debug|Any CPU
		{1904A41B-D1B8-40E5-ADBB-728DDCF7C816}.LinuxDebug|x86.ActiveCfg = Debug|Any CPU
		{1904A41B-D1B8-40E5-ADBB-728DDCF7C816}.LinuxDebug|x86.Build.0 = Debug|Any CPU
		{1904A41B-D1B8-40E5-ADBB-728DDCF7C816}.LinuxRelease|Any CPU.ActiveCfg = Release|Any CPU
		{1904A41B-D1B8-40E5-ADBB-728DDCF7C816}.LinuxRelease|Any CPU.Build.0 = Release|Any CPU
		{1904A41B-D1B8-40E5-ADBB-728DDCF7C816}.LinuxRelease|x64.ActiveCfg = Release|Any CPU
		{1904A41B-D1B8-40E5-ADBB-728DDCF7C816}.LinuxRelease|x64.Build.0 = Release|Any CPU
		{1904A41B-D1B8-40E5-ADBB-728DDCF7C816}.LinuxRelease|x86.ActiveCfg = Release|Any CPU
		{1904A41B-D1B8-40E5-ADBB-728DDCF7C816}.LinuxRelease|x86.Build.0 = Release|Any CPU
		{1904A41B-D1B8-40E5-ADBB-728DDCF7C816}.Release|Any CPU.ActiveCfg = Release|Any CPU
		{1904A41B-D1B8-40E5-ADBB-728DDCF7C816}.Release|Any CPU.Build.0 = Release|Any CPU
		{1904A41B-D1B8-40E5-ADBB-728DDCF7C816}.Release|x64.ActiveCfg = Release|Any CPU
		{1904A41B-D1B8-40E5-ADBB-728DDCF7C816}.Release|x64.Build.0 = Release|Any CPU
		{1904A41B-D1B8-40E5-ADBB-728DDCF7C816}.Release|x86.ActiveCfg = Release|Any CPU
		{1904A41B-D1B8-40E5-ADBB-728DDCF7C816}.Release|x86.Build.0 = Release|Any CPU
		{880B333B-3ADA-469A-A333-A9023B4D8F6F}.Debug|Any CPU.ActiveCfg = Debug|Any CPU
		{880B333B-3ADA-469A-A333-A9023B4D8F6F}.Debug|Any CPU.Build.0 = Debug|Any CPU
		{880B333B-3ADA-469A-A333-A9023B4D8F6F}.Debug|x64.ActiveCfg = Debug|Any CPU
		{880B333B-3ADA-469A-A333-A9023B4D8F6F}.Debug|x64.Build.0 = Debug|Any CPU
		{880B333B-3ADA-469A-A333-A9023B4D8F6F}.Debug|x86.ActiveCfg = Debug|Any CPU
		{880B333B-3ADA-469A-A333-A9023B4D8F6F}.Debug|x86.Build.0 = Debug|Any CPU
		{880B333B-3ADA-469A-A333-A9023B4D8F6F}.LinuxDebug|Any CPU.ActiveCfg = Debug|Any CPU
		{880B333B-3ADA-469A-A333-A9023B4D8F6F}.LinuxDebug|x64.ActiveCfg = Debug|Any CPU
		{880B333B-3ADA-469A-A333-A9023B4D8F6F}.LinuxDebug|x64.Build.0 = Debug|Any CPU
		{880B333B-3ADA-469A-A333-A9023B4D8F6F}.LinuxDebug|x86.ActiveCfg = Debug|Any CPU
		{880B333B-3ADA-469A-A333-A9023B4D8F6F}.LinuxDebug|x86.Build.0 = Debug|Any CPU
		{880B333B-3ADA-469A-A333-A9023B4D8F6F}.LinuxRelease|Any CPU.ActiveCfg = Release|Any CPU
		{880B333B-3ADA-469A-A333-A9023B4D8F6F}.LinuxRelease|x64.ActiveCfg = Release|Any CPU
		{880B333B-3ADA-469A-A333-A9023B4D8F6F}.LinuxRelease|x64.Build.0 = Release|Any CPU
		{880B333B-3ADA-469A-A333-A9023B4D8F6F}.LinuxRelease|x86.ActiveCfg = Release|Any CPU
		{880B333B-3ADA-469A-A333-A9023B4D8F6F}.LinuxRelease|x86.Build.0 = Release|Any CPU
		{880B333B-3ADA-469A-A333-A9023B4D8F6F}.Release|Any CPU.ActiveCfg = Release|Any CPU
		{880B333B-3ADA-469A-A333-A9023B4D8F6F}.Release|Any CPU.Build.0 = Release|Any CPU
		{880B333B-3ADA-469A-A333-A9023B4D8F6F}.Release|x64.ActiveCfg = Release|Any CPU
		{880B333B-3ADA-469A-A333-A9023B4D8F6F}.Release|x64.Build.0 = Release|Any CPU
		{880B333B-3ADA-469A-A333-A9023B4D8F6F}.Release|x86.ActiveCfg = Release|Any CPU
		{880B333B-3ADA-469A-A333-A9023B4D8F6F}.Release|x86.Build.0 = Release|Any CPU
		{880F644B-5370-47D6-A4B6-F98338073631}.Debug|Any CPU.ActiveCfg = Debug|Any CPU
		{880F644B-5370-47D6-A4B6-F98338073631}.Debug|Any CPU.Build.0 = Debug|Any CPU
		{880F644B-5370-47D6-A4B6-F98338073631}.Debug|x64.ActiveCfg = Debug|Any CPU
		{880F644B-5370-47D6-A4B6-F98338073631}.Debug|x64.Build.0 = Debug|Any CPU
		{880F644B-5370-47D6-A4B6-F98338073631}.Debug|x86.ActiveCfg = Debug|Any CPU
		{880F644B-5370-47D6-A4B6-F98338073631}.Debug|x86.Build.0 = Debug|Any CPU
		{880F644B-5370-47D6-A4B6-F98338073631}.LinuxDebug|Any CPU.ActiveCfg = Debug|Any CPU
		{880F644B-5370-47D6-A4B6-F98338073631}.LinuxDebug|x64.ActiveCfg = Debug|Any CPU
		{880F644B-5370-47D6-A4B6-F98338073631}.LinuxDebug|x64.Build.0 = Debug|Any CPU
		{880F644B-5370-47D6-A4B6-F98338073631}.LinuxDebug|x86.ActiveCfg = Debug|Any CPU
		{880F644B-5370-47D6-A4B6-F98338073631}.LinuxDebug|x86.Build.0 = Debug|Any CPU
		{880F644B-5370-47D6-A4B6-F98338073631}.LinuxRelease|Any CPU.ActiveCfg = Release|Any CPU
		{880F644B-5370-47D6-A4B6-F98338073631}.LinuxRelease|x64.ActiveCfg = Release|Any CPU
		{880F644B-5370-47D6-A4B6-F98338073631}.LinuxRelease|x64.Build.0 = Release|Any CPU
		{880F644B-5370-47D6-A4B6-F98338073631}.LinuxRelease|x86.ActiveCfg = Release|Any CPU
		{880F644B-5370-47D6-A4B6-F98338073631}.LinuxRelease|x86.Build.0 = Release|Any CPU
		{880F644B-5370-47D6-A4B6-F98338073631}.Release|Any CPU.ActiveCfg = Release|Any CPU
		{880F644B-5370-47D6-A4B6-F98338073631}.Release|Any CPU.Build.0 = Release|Any CPU
		{880F644B-5370-47D6-A4B6-F98338073631}.Release|x64.ActiveCfg = Release|Any CPU
		{880F644B-5370-47D6-A4B6-F98338073631}.Release|x64.Build.0 = Release|Any CPU
		{880F644B-5370-47D6-A4B6-F98338073631}.Release|x86.ActiveCfg = Release|Any CPU
		{880F644B-5370-47D6-A4B6-F98338073631}.Release|x86.Build.0 = Release|Any CPU
		{ECC7AB0C-7DB9-439F-95E1-95C206759DFE}.Debug|Any CPU.ActiveCfg = Debug|Any CPU
		{ECC7AB0C-7DB9-439F-95E1-95C206759DFE}.Debug|Any CPU.Build.0 = Debug|Any CPU
		{ECC7AB0C-7DB9-439F-95E1-95C206759DFE}.Debug|x64.ActiveCfg = Debug|Any CPU
		{ECC7AB0C-7DB9-439F-95E1-95C206759DFE}.Debug|x64.Build.0 = Debug|Any CPU
		{ECC7AB0C-7DB9-439F-95E1-95C206759DFE}.Debug|x86.ActiveCfg = Debug|Any CPU
		{ECC7AB0C-7DB9-439F-95E1-95C206759DFE}.Debug|x86.Build.0 = Debug|Any CPU
		{ECC7AB0C-7DB9-439F-95E1-95C206759DFE}.LinuxDebug|Any CPU.ActiveCfg = Debug|Any CPU
		{ECC7AB0C-7DB9-439F-95E1-95C206759DFE}.LinuxDebug|x64.ActiveCfg = Debug|Any CPU
		{ECC7AB0C-7DB9-439F-95E1-95C206759DFE}.LinuxDebug|x64.Build.0 = Debug|Any CPU
		{ECC7AB0C-7DB9-439F-95E1-95C206759DFE}.LinuxDebug|x86.ActiveCfg = Debug|Any CPU
		{ECC7AB0C-7DB9-439F-95E1-95C206759DFE}.LinuxDebug|x86.Build.0 = Debug|Any CPU
		{ECC7AB0C-7DB9-439F-95E1-95C206759DFE}.LinuxRelease|Any CPU.ActiveCfg = Release|Any CPU
		{ECC7AB0C-7DB9-439F-95E1-95C206759DFE}.LinuxRelease|x64.ActiveCfg = Release|Any CPU
		{ECC7AB0C-7DB9-439F-95E1-95C206759DFE}.LinuxRelease|x64.Build.0 = Release|Any CPU
		{ECC7AB0C-7DB9-439F-95E1-95C206759DFE}.LinuxRelease|x86.ActiveCfg = Release|Any CPU
		{ECC7AB0C-7DB9-439F-95E1-95C206759DFE}.LinuxRelease|x86.Build.0 = Release|Any CPU
		{ECC7AB0C-7DB9-439F-95E1-95C206759DFE}.Release|Any CPU.ActiveCfg = Release|Any CPU
		{ECC7AB0C-7DB9-439F-95E1-95C206759DFE}.Release|Any CPU.Build.0 = Release|Any CPU
		{ECC7AB0C-7DB9-439F-95E1-95C206759DFE}.Release|x64.ActiveCfg = Release|Any CPU
		{ECC7AB0C-7DB9-439F-95E1-95C206759DFE}.Release|x64.Build.0 = Release|Any CPU
		{ECC7AB0C-7DB9-439F-95E1-95C206759DFE}.Release|x86.ActiveCfg = Release|Any CPU
		{ECC7AB0C-7DB9-439F-95E1-95C206759DFE}.Release|x86.Build.0 = Release|Any CPU
		{937AA772-00F3-45B8-A9FE-8504F3D12909}.Debug|Any CPU.ActiveCfg = Debug|Any CPU
		{937AA772-00F3-45B8-A9FE-8504F3D12909}.Debug|Any CPU.Build.0 = Debug|Any CPU
		{937AA772-00F3-45B8-A9FE-8504F3D12909}.Debug|x64.ActiveCfg = Debug|Any CPU
		{937AA772-00F3-45B8-A9FE-8504F3D12909}.Debug|x64.Build.0 = Debug|Any CPU
		{937AA772-00F3-45B8-A9FE-8504F3D12909}.Debug|x86.ActiveCfg = Debug|Any CPU
		{937AA772-00F3-45B8-A9FE-8504F3D12909}.Debug|x86.Build.0 = Debug|Any CPU
		{937AA772-00F3-45B8-A9FE-8504F3D12909}.LinuxDebug|Any CPU.ActiveCfg = Debug|Any CPU
		{937AA772-00F3-45B8-A9FE-8504F3D12909}.LinuxDebug|x64.ActiveCfg = Debug|Any CPU
		{937AA772-00F3-45B8-A9FE-8504F3D12909}.LinuxDebug|x64.Build.0 = Debug|Any CPU
		{937AA772-00F3-45B8-A9FE-8504F3D12909}.LinuxDebug|x86.ActiveCfg = Debug|Any CPU
		{937AA772-00F3-45B8-A9FE-8504F3D12909}.LinuxDebug|x86.Build.0 = Debug|Any CPU
		{937AA772-00F3-45B8-A9FE-8504F3D12909}.LinuxRelease|Any CPU.ActiveCfg = Release|Any CPU
		{937AA772-00F3-45B8-A9FE-8504F3D12909}.LinuxRelease|x64.ActiveCfg = Release|Any CPU
		{937AA772-00F3-45B8-A9FE-8504F3D12909}.LinuxRelease|x64.Build.0 = Release|Any CPU
		{937AA772-00F3-45B8-A9FE-8504F3D12909}.LinuxRelease|x86.ActiveCfg = Release|Any CPU
		{937AA772-00F3-45B8-A9FE-8504F3D12909}.LinuxRelease|x86.Build.0 = Release|Any CPU
		{937AA772-00F3-45B8-A9FE-8504F3D12909}.Release|Any CPU.ActiveCfg = Release|Any CPU
		{937AA772-00F3-45B8-A9FE-8504F3D12909}.Release|Any CPU.Build.0 = Release|Any CPU
		{937AA772-00F3-45B8-A9FE-8504F3D12909}.Release|x64.ActiveCfg = Release|Any CPU
		{937AA772-00F3-45B8-A9FE-8504F3D12909}.Release|x64.Build.0 = Release|Any CPU
		{937AA772-00F3-45B8-A9FE-8504F3D12909}.Release|x86.ActiveCfg = Release|Any CPU
		{937AA772-00F3-45B8-A9FE-8504F3D12909}.Release|x86.Build.0 = Release|Any CPU
		{8A1A603C-7005-4CC0-9AB7-E6FD3F58F621}.Debug|Any CPU.ActiveCfg = Debug|Any CPU
		{8A1A603C-7005-4CC0-9AB7-E6FD3F58F621}.Debug|Any CPU.Build.0 = Debug|Any CPU
		{8A1A603C-7005-4CC0-9AB7-E6FD3F58F621}.Debug|x64.ActiveCfg = Debug|Any CPU
		{8A1A603C-7005-4CC0-9AB7-E6FD3F58F621}.Debug|x64.Build.0 = Debug|Any CPU
		{8A1A603C-7005-4CC0-9AB7-E6FD3F58F621}.Debug|x86.ActiveCfg = Debug|Any CPU
		{8A1A603C-7005-4CC0-9AB7-E6FD3F58F621}.Debug|x86.Build.0 = Debug|Any CPU
		{8A1A603C-7005-4CC0-9AB7-E6FD3F58F621}.LinuxDebug|Any CPU.ActiveCfg = LinuxDebug|Any CPU
		{8A1A603C-7005-4CC0-9AB7-E6FD3F58F621}.LinuxDebug|Any CPU.Build.0 = LinuxDebug|Any CPU
		{8A1A603C-7005-4CC0-9AB7-E6FD3F58F621}.LinuxDebug|x64.ActiveCfg = Debug|Any CPU
		{8A1A603C-7005-4CC0-9AB7-E6FD3F58F621}.LinuxDebug|x64.Build.0 = Debug|Any CPU
		{8A1A603C-7005-4CC0-9AB7-E6FD3F58F621}.LinuxDebug|x86.ActiveCfg = Debug|Any CPU
		{8A1A603C-7005-4CC0-9AB7-E6FD3F58F621}.LinuxDebug|x86.Build.0 = Debug|Any CPU
		{8A1A603C-7005-4CC0-9AB7-E6FD3F58F621}.LinuxRelease|Any CPU.ActiveCfg = LinuxRelease|Any CPU
		{8A1A603C-7005-4CC0-9AB7-E6FD3F58F621}.LinuxRelease|Any CPU.Build.0 = LinuxRelease|Any CPU
		{8A1A603C-7005-4CC0-9AB7-E6FD3F58F621}.LinuxRelease|x64.ActiveCfg = Release|Any CPU
		{8A1A603C-7005-4CC0-9AB7-E6FD3F58F621}.LinuxRelease|x64.Build.0 = Release|Any CPU
		{8A1A603C-7005-4CC0-9AB7-E6FD3F58F621}.LinuxRelease|x86.ActiveCfg = Release|Any CPU
		{8A1A603C-7005-4CC0-9AB7-E6FD3F58F621}.LinuxRelease|x86.Build.0 = Release|Any CPU
		{8A1A603C-7005-4CC0-9AB7-E6FD3F58F621}.Release|Any CPU.ActiveCfg = Release|Any CPU
		{8A1A603C-7005-4CC0-9AB7-E6FD3F58F621}.Release|Any CPU.Build.0 = Release|Any CPU
		{8A1A603C-7005-4CC0-9AB7-E6FD3F58F621}.Release|x64.ActiveCfg = Release|Any CPU
		{8A1A603C-7005-4CC0-9AB7-E6FD3F58F621}.Release|x64.Build.0 = Release|Any CPU
		{8A1A603C-7005-4CC0-9AB7-E6FD3F58F621}.Release|x86.ActiveCfg = Release|Any CPU
		{8A1A603C-7005-4CC0-9AB7-E6FD3F58F621}.Release|x86.Build.0 = Release|Any CPU
		{616330A6-6386-40F1-907D-CD46884FA86F}.Debug|Any CPU.ActiveCfg = Debug|Any CPU
		{616330A6-6386-40F1-907D-CD46884FA86F}.Debug|Any CPU.Build.0 = Debug|Any CPU
		{616330A6-6386-40F1-907D-CD46884FA86F}.Debug|x64.ActiveCfg = Debug|Any CPU
		{616330A6-6386-40F1-907D-CD46884FA86F}.Debug|x64.Build.0 = Debug|Any CPU
		{616330A6-6386-40F1-907D-CD46884FA86F}.Debug|x86.ActiveCfg = Debug|Any CPU
		{616330A6-6386-40F1-907D-CD46884FA86F}.Debug|x86.Build.0 = Debug|Any CPU
		{616330A6-6386-40F1-907D-CD46884FA86F}.LinuxDebug|Any CPU.ActiveCfg = Debug|Any CPU
		{616330A6-6386-40F1-907D-CD46884FA86F}.LinuxDebug|x64.ActiveCfg = Debug|Any CPU
		{616330A6-6386-40F1-907D-CD46884FA86F}.LinuxDebug|x64.Build.0 = Debug|Any CPU
		{616330A6-6386-40F1-907D-CD46884FA86F}.LinuxDebug|x86.ActiveCfg = Debug|Any CPU
		{616330A6-6386-40F1-907D-CD46884FA86F}.LinuxDebug|x86.Build.0 = Debug|Any CPU
		{616330A6-6386-40F1-907D-CD46884FA86F}.LinuxRelease|Any CPU.ActiveCfg = Release|Any CPU
		{616330A6-6386-40F1-907D-CD46884FA86F}.LinuxRelease|x64.ActiveCfg = Release|Any CPU
		{616330A6-6386-40F1-907D-CD46884FA86F}.LinuxRelease|x64.Build.0 = Release|Any CPU
		{616330A6-6386-40F1-907D-CD46884FA86F}.LinuxRelease|x86.ActiveCfg = Release|Any CPU
		{616330A6-6386-40F1-907D-CD46884FA86F}.LinuxRelease|x86.Build.0 = Release|Any CPU
		{616330A6-6386-40F1-907D-CD46884FA86F}.Release|Any CPU.ActiveCfg = Release|Any CPU
		{616330A6-6386-40F1-907D-CD46884FA86F}.Release|Any CPU.Build.0 = Release|Any CPU
		{616330A6-6386-40F1-907D-CD46884FA86F}.Release|x64.ActiveCfg = Release|Any CPU
		{616330A6-6386-40F1-907D-CD46884FA86F}.Release|x64.Build.0 = Release|Any CPU
		{616330A6-6386-40F1-907D-CD46884FA86F}.Release|x86.ActiveCfg = Release|Any CPU
		{616330A6-6386-40F1-907D-CD46884FA86F}.Release|x86.Build.0 = Release|Any CPU
		{24228071-5E72-4BA8-90E3-89DE331A718C}.Debug|Any CPU.ActiveCfg = Debug|Any CPU
		{24228071-5E72-4BA8-90E3-89DE331A718C}.Debug|Any CPU.Build.0 = Debug|Any CPU
		{24228071-5E72-4BA8-90E3-89DE331A718C}.Debug|x64.ActiveCfg = Debug|Any CPU
		{24228071-5E72-4BA8-90E3-89DE331A718C}.Debug|x64.Build.0 = Debug|Any CPU
		{24228071-5E72-4BA8-90E3-89DE331A718C}.Debug|x86.ActiveCfg = Debug|Any CPU
		{24228071-5E72-4BA8-90E3-89DE331A718C}.Debug|x86.Build.0 = Debug|Any CPU
		{24228071-5E72-4BA8-90E3-89DE331A718C}.LinuxDebug|Any CPU.ActiveCfg = Debug|Any CPU
		{24228071-5E72-4BA8-90E3-89DE331A718C}.LinuxDebug|x64.ActiveCfg = Debug|Any CPU
		{24228071-5E72-4BA8-90E3-89DE331A718C}.LinuxDebug|x64.Build.0 = Debug|Any CPU
		{24228071-5E72-4BA8-90E3-89DE331A718C}.LinuxDebug|x86.ActiveCfg = Debug|Any CPU
		{24228071-5E72-4BA8-90E3-89DE331A718C}.LinuxDebug|x86.Build.0 = Debug|Any CPU
		{24228071-5E72-4BA8-90E3-89DE331A718C}.LinuxRelease|Any CPU.ActiveCfg = Release|Any CPU
		{24228071-5E72-4BA8-90E3-89DE331A718C}.LinuxRelease|x64.ActiveCfg = Release|Any CPU
		{24228071-5E72-4BA8-90E3-89DE331A718C}.LinuxRelease|x64.Build.0 = Release|Any CPU
		{24228071-5E72-4BA8-90E3-89DE331A718C}.LinuxRelease|x86.ActiveCfg = Release|Any CPU
		{24228071-5E72-4BA8-90E3-89DE331A718C}.LinuxRelease|x86.Build.0 = Release|Any CPU
		{24228071-5E72-4BA8-90E3-89DE331A718C}.Release|Any CPU.ActiveCfg = Release|Any CPU
		{24228071-5E72-4BA8-90E3-89DE331A718C}.Release|Any CPU.Build.0 = Release|Any CPU
		{24228071-5E72-4BA8-90E3-89DE331A718C}.Release|x64.ActiveCfg = Release|Any CPU
		{24228071-5E72-4BA8-90E3-89DE331A718C}.Release|x64.Build.0 = Release|Any CPU
		{24228071-5E72-4BA8-90E3-89DE331A718C}.Release|x86.ActiveCfg = Release|Any CPU
		{24228071-5E72-4BA8-90E3-89DE331A718C}.Release|x86.Build.0 = Release|Any CPU
		{22B3D2D1-D139-4AC6-B72A-1A96F1CCBBBE}.Debug|Any CPU.ActiveCfg = Debug|Any CPU
		{22B3D2D1-D139-4AC6-B72A-1A96F1CCBBBE}.Debug|Any CPU.Build.0 = Debug|Any CPU
		{22B3D2D1-D139-4AC6-B72A-1A96F1CCBBBE}.Debug|x64.ActiveCfg = Debug|Any CPU
		{22B3D2D1-D139-4AC6-B72A-1A96F1CCBBBE}.Debug|x64.Build.0 = Debug|Any CPU
		{22B3D2D1-D139-4AC6-B72A-1A96F1CCBBBE}.Debug|x86.ActiveCfg = Debug|Any CPU
		{22B3D2D1-D139-4AC6-B72A-1A96F1CCBBBE}.Debug|x86.Build.0 = Debug|Any CPU
		{22B3D2D1-D139-4AC6-B72A-1A96F1CCBBBE}.LinuxDebug|Any CPU.ActiveCfg = Debug|Any CPU
		{22B3D2D1-D139-4AC6-B72A-1A96F1CCBBBE}.LinuxDebug|x64.ActiveCfg = Debug|Any CPU
		{22B3D2D1-D139-4AC6-B72A-1A96F1CCBBBE}.LinuxDebug|x64.Build.0 = Debug|Any CPU
		{22B3D2D1-D139-4AC6-B72A-1A96F1CCBBBE}.LinuxDebug|x86.ActiveCfg = Debug|Any CPU
		{22B3D2D1-D139-4AC6-B72A-1A96F1CCBBBE}.LinuxDebug|x86.Build.0 = Debug|Any CPU
		{22B3D2D1-D139-4AC6-B72A-1A96F1CCBBBE}.LinuxRelease|Any CPU.ActiveCfg = Release|Any CPU
		{22B3D2D1-D139-4AC6-B72A-1A96F1CCBBBE}.LinuxRelease|x64.ActiveCfg = Release|Any CPU
		{22B3D2D1-D139-4AC6-B72A-1A96F1CCBBBE}.LinuxRelease|x64.Build.0 = Release|Any CPU
		{22B3D2D1-D139-4AC6-B72A-1A96F1CCBBBE}.LinuxRelease|x86.ActiveCfg = Release|Any CPU
		{22B3D2D1-D139-4AC6-B72A-1A96F1CCBBBE}.LinuxRelease|x86.Build.0 = Release|Any CPU
		{22B3D2D1-D139-4AC6-B72A-1A96F1CCBBBE}.Release|Any CPU.ActiveCfg = Release|Any CPU
		{22B3D2D1-D139-4AC6-B72A-1A96F1CCBBBE}.Release|Any CPU.Build.0 = Release|Any CPU
		{22B3D2D1-D139-4AC6-B72A-1A96F1CCBBBE}.Release|x64.ActiveCfg = Release|Any CPU
		{22B3D2D1-D139-4AC6-B72A-1A96F1CCBBBE}.Release|x64.Build.0 = Release|Any CPU
		{22B3D2D1-D139-4AC6-B72A-1A96F1CCBBBE}.Release|x86.ActiveCfg = Release|Any CPU
		{22B3D2D1-D139-4AC6-B72A-1A96F1CCBBBE}.Release|x86.Build.0 = Release|Any CPU
		{3960F81D-5AEA-4F36-A26C-F295DFF3FCB6}.Debug|Any CPU.ActiveCfg = Debug|Any CPU
		{3960F81D-5AEA-4F36-A26C-F295DFF3FCB6}.Debug|Any CPU.Build.0 = Debug|Any CPU
		{3960F81D-5AEA-4F36-A26C-F295DFF3FCB6}.Debug|x64.ActiveCfg = Debug|Any CPU
		{3960F81D-5AEA-4F36-A26C-F295DFF3FCB6}.Debug|x64.Build.0 = Debug|Any CPU
		{3960F81D-5AEA-4F36-A26C-F295DFF3FCB6}.Debug|x86.ActiveCfg = Debug|Any CPU
		{3960F81D-5AEA-4F36-A26C-F295DFF3FCB6}.Debug|x86.Build.0 = Debug|Any CPU
		{3960F81D-5AEA-4F36-A26C-F295DFF3FCB6}.LinuxDebug|Any CPU.ActiveCfg = Debug|Any CPU
		{3960F81D-5AEA-4F36-A26C-F295DFF3FCB6}.LinuxDebug|x64.ActiveCfg = Debug|Any CPU
		{3960F81D-5AEA-4F36-A26C-F295DFF3FCB6}.LinuxDebug|x64.Build.0 = Debug|Any CPU
		{3960F81D-5AEA-4F36-A26C-F295DFF3FCB6}.LinuxDebug|x86.ActiveCfg = Debug|Any CPU
		{3960F81D-5AEA-4F36-A26C-F295DFF3FCB6}.LinuxDebug|x86.Build.0 = Debug|Any CPU
		{3960F81D-5AEA-4F36-A26C-F295DFF3FCB6}.LinuxRelease|Any CPU.ActiveCfg = Release|Any CPU
		{3960F81D-5AEA-4F36-A26C-F295DFF3FCB6}.LinuxRelease|x64.ActiveCfg = Release|Any CPU
		{3960F81D-5AEA-4F36-A26C-F295DFF3FCB6}.LinuxRelease|x64.Build.0 = Release|Any CPU
		{3960F81D-5AEA-4F36-A26C-F295DFF3FCB6}.LinuxRelease|x86.ActiveCfg = Release|Any CPU
		{3960F81D-5AEA-4F36-A26C-F295DFF3FCB6}.LinuxRelease|x86.Build.0 = Release|Any CPU
		{3960F81D-5AEA-4F36-A26C-F295DFF3FCB6}.Release|Any CPU.ActiveCfg = Release|Any CPU
		{3960F81D-5AEA-4F36-A26C-F295DFF3FCB6}.Release|Any CPU.Build.0 = Release|Any CPU
		{3960F81D-5AEA-4F36-A26C-F295DFF3FCB6}.Release|x64.ActiveCfg = Release|Any CPU
		{3960F81D-5AEA-4F36-A26C-F295DFF3FCB6}.Release|x64.Build.0 = Release|Any CPU
		{3960F81D-5AEA-4F36-A26C-F295DFF3FCB6}.Release|x86.ActiveCfg = Release|Any CPU
		{3960F81D-5AEA-4F36-A26C-F295DFF3FCB6}.Release|x86.Build.0 = Release|Any CPU
		{726D85B6-A389-417B-A85B-4ACACDEE4640}.Debug|Any CPU.ActiveCfg = Debug|Any CPU
		{726D85B6-A389-417B-A85B-4ACACDEE4640}.Debug|Any CPU.Build.0 = Debug|Any CPU
		{726D85B6-A389-417B-A85B-4ACACDEE4640}.Debug|x64.ActiveCfg = Debug|Any CPU
		{726D85B6-A389-417B-A85B-4ACACDEE4640}.Debug|x64.Build.0 = Debug|Any CPU
		{726D85B6-A389-417B-A85B-4ACACDEE4640}.Debug|x86.ActiveCfg = Debug|Any CPU
		{726D85B6-A389-417B-A85B-4ACACDEE4640}.Debug|x86.Build.0 = Debug|Any CPU
		{726D85B6-A389-417B-A85B-4ACACDEE4640}.LinuxDebug|Any CPU.ActiveCfg = Debug|Any CPU
		{726D85B6-A389-417B-A85B-4ACACDEE4640}.LinuxDebug|x64.ActiveCfg = Debug|Any CPU
		{726D85B6-A389-417B-A85B-4ACACDEE4640}.LinuxDebug|x64.Build.0 = Debug|Any CPU
		{726D85B6-A389-417B-A85B-4ACACDEE4640}.LinuxDebug|x86.ActiveCfg = Debug|Any CPU
		{726D85B6-A389-417B-A85B-4ACACDEE4640}.LinuxDebug|x86.Build.0 = Debug|Any CPU
		{726D85B6-A389-417B-A85B-4ACACDEE4640}.LinuxRelease|Any CPU.ActiveCfg = Release|Any CPU
		{726D85B6-A389-417B-A85B-4ACACDEE4640}.LinuxRelease|x64.ActiveCfg = Release|Any CPU
		{726D85B6-A389-417B-A85B-4ACACDEE4640}.LinuxRelease|x64.Build.0 = Release|Any CPU
		{726D85B6-A389-417B-A85B-4ACACDEE4640}.LinuxRelease|x86.ActiveCfg = Release|Any CPU
		{726D85B6-A389-417B-A85B-4ACACDEE4640}.LinuxRelease|x86.Build.0 = Release|Any CPU
		{726D85B6-A389-417B-A85B-4ACACDEE4640}.Release|Any CPU.ActiveCfg = Release|Any CPU
		{726D85B6-A389-417B-A85B-4ACACDEE4640}.Release|Any CPU.Build.0 = Release|Any CPU
		{726D85B6-A389-417B-A85B-4ACACDEE4640}.Release|x64.ActiveCfg = Release|Any CPU
		{726D85B6-A389-417B-A85B-4ACACDEE4640}.Release|x64.Build.0 = Release|Any CPU
		{726D85B6-A389-417B-A85B-4ACACDEE4640}.Release|x86.ActiveCfg = Release|Any CPU
		{726D85B6-A389-417B-A85B-4ACACDEE4640}.Release|x86.Build.0 = Release|Any CPU
		{FF2B695C-7567-4DDD-A8F4-E16BE2E49A65}.Debug|Any CPU.ActiveCfg = Debug|Any CPU
		{FF2B695C-7567-4DDD-A8F4-E16BE2E49A65}.Debug|Any CPU.Build.0 = Debug|Any CPU
		{FF2B695C-7567-4DDD-A8F4-E16BE2E49A65}.Debug|x64.ActiveCfg = Debug|Any CPU
		{FF2B695C-7567-4DDD-A8F4-E16BE2E49A65}.Debug|x64.Build.0 = Debug|Any CPU
		{FF2B695C-7567-4DDD-A8F4-E16BE2E49A65}.Debug|x86.ActiveCfg = Debug|Any CPU
		{FF2B695C-7567-4DDD-A8F4-E16BE2E49A65}.Debug|x86.Build.0 = Debug|Any CPU
		{FF2B695C-7567-4DDD-A8F4-E16BE2E49A65}.LinuxDebug|Any CPU.ActiveCfg = Debug|Any CPU
		{FF2B695C-7567-4DDD-A8F4-E16BE2E49A65}.LinuxDebug|x64.ActiveCfg = Debug|Any CPU
		{FF2B695C-7567-4DDD-A8F4-E16BE2E49A65}.LinuxDebug|x64.Build.0 = Debug|Any CPU
		{FF2B695C-7567-4DDD-A8F4-E16BE2E49A65}.LinuxDebug|x86.ActiveCfg = Debug|Any CPU
		{FF2B695C-7567-4DDD-A8F4-E16BE2E49A65}.LinuxDebug|x86.Build.0 = Debug|Any CPU
		{FF2B695C-7567-4DDD-A8F4-E16BE2E49A65}.LinuxRelease|Any CPU.ActiveCfg = Release|Any CPU
		{FF2B695C-7567-4DDD-A8F4-E16BE2E49A65}.LinuxRelease|x64.ActiveCfg = Release|Any CPU
		{FF2B695C-7567-4DDD-A8F4-E16BE2E49A65}.LinuxRelease|x64.Build.0 = Release|Any CPU
		{FF2B695C-7567-4DDD-A8F4-E16BE2E49A65}.LinuxRelease|x86.ActiveCfg = Release|Any CPU
		{FF2B695C-7567-4DDD-A8F4-E16BE2E49A65}.LinuxRelease|x86.Build.0 = Release|Any CPU
		{FF2B695C-7567-4DDD-A8F4-E16BE2E49A65}.Release|Any CPU.ActiveCfg = Release|Any CPU
		{FF2B695C-7567-4DDD-A8F4-E16BE2E49A65}.Release|Any CPU.Build.0 = Release|Any CPU
		{FF2B695C-7567-4DDD-A8F4-E16BE2E49A65}.Release|x64.ActiveCfg = Release|Any CPU
		{FF2B695C-7567-4DDD-A8F4-E16BE2E49A65}.Release|x64.Build.0 = Release|Any CPU
		{FF2B695C-7567-4DDD-A8F4-E16BE2E49A65}.Release|x86.ActiveCfg = Release|Any CPU
		{FF2B695C-7567-4DDD-A8F4-E16BE2E49A65}.Release|x86.Build.0 = Release|Any CPU
		{84A2C4C9-874C-47E7-8397-47D5ED8C00D4}.Debug|Any CPU.ActiveCfg = Debug|Any CPU
		{84A2C4C9-874C-47E7-8397-47D5ED8C00D4}.Debug|Any CPU.Build.0 = Debug|Any CPU
		{84A2C4C9-874C-47E7-8397-47D5ED8C00D4}.Debug|x64.ActiveCfg = Debug|Any CPU
		{84A2C4C9-874C-47E7-8397-47D5ED8C00D4}.Debug|x64.Build.0 = Debug|Any CPU
		{84A2C4C9-874C-47E7-8397-47D5ED8C00D4}.Debug|x86.ActiveCfg = Debug|Any CPU
		{84A2C4C9-874C-47E7-8397-47D5ED8C00D4}.Debug|x86.Build.0 = Debug|Any CPU
		{84A2C4C9-874C-47E7-8397-47D5ED8C00D4}.LinuxDebug|Any CPU.ActiveCfg = Debug|Any CPU
		{84A2C4C9-874C-47E7-8397-47D5ED8C00D4}.LinuxDebug|x64.ActiveCfg = Debug|Any CPU
		{84A2C4C9-874C-47E7-8397-47D5ED8C00D4}.LinuxDebug|x64.Build.0 = Debug|Any CPU
		{84A2C4C9-874C-47E7-8397-47D5ED8C00D4}.LinuxDebug|x86.ActiveCfg = Debug|Any CPU
		{84A2C4C9-874C-47E7-8397-47D5ED8C00D4}.LinuxDebug|x86.Build.0 = Debug|Any CPU
		{84A2C4C9-874C-47E7-8397-47D5ED8C00D4}.LinuxRelease|Any CPU.ActiveCfg = Release|Any CPU
		{84A2C4C9-874C-47E7-8397-47D5ED8C00D4}.LinuxRelease|x64.ActiveCfg = Release|Any CPU
		{84A2C4C9-874C-47E7-8397-47D5ED8C00D4}.LinuxRelease|x64.Build.0 = Release|Any CPU
		{84A2C4C9-874C-47E7-8397-47D5ED8C00D4}.LinuxRelease|x86.ActiveCfg = Release|Any CPU
		{84A2C4C9-874C-47E7-8397-47D5ED8C00D4}.LinuxRelease|x86.Build.0 = Release|Any CPU
		{84A2C4C9-874C-47E7-8397-47D5ED8C00D4}.Release|Any CPU.ActiveCfg = Release|Any CPU
		{84A2C4C9-874C-47E7-8397-47D5ED8C00D4}.Release|Any CPU.Build.0 = Release|Any CPU
		{84A2C4C9-874C-47E7-8397-47D5ED8C00D4}.Release|x64.ActiveCfg = Release|Any CPU
		{84A2C4C9-874C-47E7-8397-47D5ED8C00D4}.Release|x64.Build.0 = Release|Any CPU
		{84A2C4C9-874C-47E7-8397-47D5ED8C00D4}.Release|x86.ActiveCfg = Release|Any CPU
		{84A2C4C9-874C-47E7-8397-47D5ED8C00D4}.Release|x86.Build.0 = Release|Any CPU
		{07E29736-D056-4F4A-BCDA-FC12709AFAFA}.Debug|Any CPU.ActiveCfg = Debug|Any CPU
		{07E29736-D056-4F4A-BCDA-FC12709AFAFA}.Debug|Any CPU.Build.0 = Debug|Any CPU
		{07E29736-D056-4F4A-BCDA-FC12709AFAFA}.Debug|x64.ActiveCfg = Debug|Any CPU
		{07E29736-D056-4F4A-BCDA-FC12709AFAFA}.Debug|x64.Build.0 = Debug|Any CPU
		{07E29736-D056-4F4A-BCDA-FC12709AFAFA}.Debug|x86.ActiveCfg = Debug|Any CPU
		{07E29736-D056-4F4A-BCDA-FC12709AFAFA}.Debug|x86.Build.0 = Debug|Any CPU
		{07E29736-D056-4F4A-BCDA-FC12709AFAFA}.LinuxDebug|Any CPU.ActiveCfg = Debug|Any CPU
		{07E29736-D056-4F4A-BCDA-FC12709AFAFA}.LinuxDebug|Any CPU.Build.0 = Debug|Any CPU
		{07E29736-D056-4F4A-BCDA-FC12709AFAFA}.LinuxDebug|x64.ActiveCfg = Debug|Any CPU
		{07E29736-D056-4F4A-BCDA-FC12709AFAFA}.LinuxDebug|x64.Build.0 = Debug|Any CPU
		{07E29736-D056-4F4A-BCDA-FC12709AFAFA}.LinuxDebug|x86.ActiveCfg = Debug|Any CPU
		{07E29736-D056-4F4A-BCDA-FC12709AFAFA}.LinuxDebug|x86.Build.0 = Debug|Any CPU
		{07E29736-D056-4F4A-BCDA-FC12709AFAFA}.LinuxRelease|Any CPU.ActiveCfg = Release|Any CPU
		{07E29736-D056-4F4A-BCDA-FC12709AFAFA}.LinuxRelease|Any CPU.Build.0 = Release|Any CPU
		{07E29736-D056-4F4A-BCDA-FC12709AFAFA}.LinuxRelease|x64.ActiveCfg = Release|Any CPU
		{07E29736-D056-4F4A-BCDA-FC12709AFAFA}.LinuxRelease|x64.Build.0 = Release|Any CPU
		{07E29736-D056-4F4A-BCDA-FC12709AFAFA}.LinuxRelease|x86.ActiveCfg = Release|Any CPU
		{07E29736-D056-4F4A-BCDA-FC12709AFAFA}.LinuxRelease|x86.Build.0 = Release|Any CPU
		{07E29736-D056-4F4A-BCDA-FC12709AFAFA}.Release|Any CPU.ActiveCfg = Release|Any CPU
		{07E29736-D056-4F4A-BCDA-FC12709AFAFA}.Release|Any CPU.Build.0 = Release|Any CPU
		{07E29736-D056-4F4A-BCDA-FC12709AFAFA}.Release|x64.ActiveCfg = Release|Any CPU
		{07E29736-D056-4F4A-BCDA-FC12709AFAFA}.Release|x64.Build.0 = Release|Any CPU
		{07E29736-D056-4F4A-BCDA-FC12709AFAFA}.Release|x86.ActiveCfg = Release|Any CPU
		{07E29736-D056-4F4A-BCDA-FC12709AFAFA}.Release|x86.Build.0 = Release|Any CPU
		{9608092D-D9B7-4109-B1F0-DC597D879000}.Debug|Any CPU.ActiveCfg = Debug|Any CPU
		{9608092D-D9B7-4109-B1F0-DC597D879000}.Debug|Any CPU.Build.0 = Debug|Any CPU
		{9608092D-D9B7-4109-B1F0-DC597D879000}.Debug|x64.ActiveCfg = Debug|Any CPU
		{9608092D-D9B7-4109-B1F0-DC597D879000}.Debug|x64.Build.0 = Debug|Any CPU
		{9608092D-D9B7-4109-B1F0-DC597D879000}.Debug|x86.ActiveCfg = Debug|Any CPU
		{9608092D-D9B7-4109-B1F0-DC597D879000}.Debug|x86.Build.0 = Debug|Any CPU
		{9608092D-D9B7-4109-B1F0-DC597D879000}.LinuxDebug|Any CPU.ActiveCfg = Debug|Any CPU
		{9608092D-D9B7-4109-B1F0-DC597D879000}.LinuxDebug|Any CPU.Build.0 = Debug|Any CPU
		{9608092D-D9B7-4109-B1F0-DC597D879000}.LinuxDebug|x64.ActiveCfg = Debug|Any CPU
		{9608092D-D9B7-4109-B1F0-DC597D879000}.LinuxDebug|x64.Build.0 = Debug|Any CPU
		{9608092D-D9B7-4109-B1F0-DC597D879000}.LinuxDebug|x86.ActiveCfg = Debug|Any CPU
		{9608092D-D9B7-4109-B1F0-DC597D879000}.LinuxDebug|x86.Build.0 = Debug|Any CPU
		{9608092D-D9B7-4109-B1F0-DC597D879000}.LinuxRelease|Any CPU.ActiveCfg = Release|Any CPU
		{9608092D-D9B7-4109-B1F0-DC597D879000}.LinuxRelease|Any CPU.Build.0 = Release|Any CPU
		{9608092D-D9B7-4109-B1F0-DC597D879000}.LinuxRelease|x64.ActiveCfg = Release|Any CPU
		{9608092D-D9B7-4109-B1F0-DC597D879000}.LinuxRelease|x64.Build.0 = Release|Any CPU
		{9608092D-D9B7-4109-B1F0-DC597D879000}.LinuxRelease|x86.ActiveCfg = Release|Any CPU
		{9608092D-D9B7-4109-B1F0-DC597D879000}.LinuxRelease|x86.Build.0 = Release|Any CPU
		{9608092D-D9B7-4109-B1F0-DC597D879000}.Release|Any CPU.ActiveCfg = Release|Any CPU
		{9608092D-D9B7-4109-B1F0-DC597D879000}.Release|Any CPU.Build.0 = Release|Any CPU
		{9608092D-D9B7-4109-B1F0-DC597D879000}.Release|x64.ActiveCfg = Release|Any CPU
		{9608092D-D9B7-4109-B1F0-DC597D879000}.Release|x64.Build.0 = Release|Any CPU
		{9608092D-D9B7-4109-B1F0-DC597D879000}.Release|x86.ActiveCfg = Release|Any CPU
		{9608092D-D9B7-4109-B1F0-DC597D879000}.Release|x86.Build.0 = Release|Any CPU
		{9E5A86DE-6CE3-4D6F-BD98-B5A299999EAA}.Debug|Any CPU.ActiveCfg = Debug|Any CPU
		{9E5A86DE-6CE3-4D6F-BD98-B5A299999EAA}.Debug|Any CPU.Build.0 = Debug|Any CPU
		{9E5A86DE-6CE3-4D6F-BD98-B5A299999EAA}.Debug|x64.ActiveCfg = Debug|Any CPU
		{9E5A86DE-6CE3-4D6F-BD98-B5A299999EAA}.Debug|x64.Build.0 = Debug|Any CPU
		{9E5A86DE-6CE3-4D6F-BD98-B5A299999EAA}.Debug|x86.ActiveCfg = Debug|Any CPU
		{9E5A86DE-6CE3-4D6F-BD98-B5A299999EAA}.Debug|x86.Build.0 = Debug|Any CPU
		{9E5A86DE-6CE3-4D6F-BD98-B5A299999EAA}.LinuxDebug|Any CPU.ActiveCfg = Debug|Any CPU
		{9E5A86DE-6CE3-4D6F-BD98-B5A299999EAA}.LinuxDebug|x64.ActiveCfg = Debug|Any CPU
		{9E5A86DE-6CE3-4D6F-BD98-B5A299999EAA}.LinuxDebug|x64.Build.0 = Debug|Any CPU
		{9E5A86DE-6CE3-4D6F-BD98-B5A299999EAA}.LinuxDebug|x86.ActiveCfg = Debug|Any CPU
		{9E5A86DE-6CE3-4D6F-BD98-B5A299999EAA}.LinuxDebug|x86.Build.0 = Debug|Any CPU
		{9E5A86DE-6CE3-4D6F-BD98-B5A299999EAA}.LinuxRelease|Any CPU.ActiveCfg = Release|Any CPU
		{9E5A86DE-6CE3-4D6F-BD98-B5A299999EAA}.LinuxRelease|x64.ActiveCfg = Release|Any CPU
		{9E5A86DE-6CE3-4D6F-BD98-B5A299999EAA}.LinuxRelease|x64.Build.0 = Release|Any CPU
		{9E5A86DE-6CE3-4D6F-BD98-B5A299999EAA}.LinuxRelease|x86.ActiveCfg = Release|Any CPU
		{9E5A86DE-6CE3-4D6F-BD98-B5A299999EAA}.LinuxRelease|x86.Build.0 = Release|Any CPU
		{9E5A86DE-6CE3-4D6F-BD98-B5A299999EAA}.Release|Any CPU.ActiveCfg = Release|Any CPU
		{9E5A86DE-6CE3-4D6F-BD98-B5A299999EAA}.Release|Any CPU.Build.0 = Release|Any CPU
		{9E5A86DE-6CE3-4D6F-BD98-B5A299999EAA}.Release|x64.ActiveCfg = Release|Any CPU
		{9E5A86DE-6CE3-4D6F-BD98-B5A299999EAA}.Release|x64.Build.0 = Release|Any CPU
		{9E5A86DE-6CE3-4D6F-BD98-B5A299999EAA}.Release|x86.ActiveCfg = Release|Any CPU
		{9E5A86DE-6CE3-4D6F-BD98-B5A299999EAA}.Release|x86.Build.0 = Release|Any CPU
		{01A4838A-FCF8-454F-A92D-1854177CF162}.Debug|Any CPU.ActiveCfg = Debug|Any CPU
		{01A4838A-FCF8-454F-A92D-1854177CF162}.Debug|Any CPU.Build.0 = Debug|Any CPU
		{01A4838A-FCF8-454F-A92D-1854177CF162}.Debug|x64.ActiveCfg = Debug|Any CPU
		{01A4838A-FCF8-454F-A92D-1854177CF162}.Debug|x64.Build.0 = Debug|Any CPU
		{01A4838A-FCF8-454F-A92D-1854177CF162}.Debug|x86.ActiveCfg = Debug|Any CPU
		{01A4838A-FCF8-454F-A92D-1854177CF162}.Debug|x86.Build.0 = Debug|Any CPU
		{01A4838A-FCF8-454F-A92D-1854177CF162}.LinuxDebug|Any CPU.ActiveCfg = Debug|Any CPU
		{01A4838A-FCF8-454F-A92D-1854177CF162}.LinuxDebug|Any CPU.Build.0 = Debug|Any CPU
		{01A4838A-FCF8-454F-A92D-1854177CF162}.LinuxDebug|x64.ActiveCfg = Debug|Any CPU
		{01A4838A-FCF8-454F-A92D-1854177CF162}.LinuxDebug|x64.Build.0 = Debug|Any CPU
		{01A4838A-FCF8-454F-A92D-1854177CF162}.LinuxDebug|x86.ActiveCfg = Debug|Any CPU
		{01A4838A-FCF8-454F-A92D-1854177CF162}.LinuxDebug|x86.Build.0 = Debug|Any CPU
		{01A4838A-FCF8-454F-A92D-1854177CF162}.LinuxRelease|Any CPU.ActiveCfg = Release|Any CPU
		{01A4838A-FCF8-454F-A92D-1854177CF162}.LinuxRelease|Any CPU.Build.0 = Release|Any CPU
		{01A4838A-FCF8-454F-A92D-1854177CF162}.LinuxRelease|x64.ActiveCfg = Release|Any CPU
		{01A4838A-FCF8-454F-A92D-1854177CF162}.LinuxRelease|x64.Build.0 = Release|Any CPU
		{01A4838A-FCF8-454F-A92D-1854177CF162}.LinuxRelease|x86.ActiveCfg = Release|Any CPU
		{01A4838A-FCF8-454F-A92D-1854177CF162}.LinuxRelease|x86.Build.0 = Release|Any CPU
		{01A4838A-FCF8-454F-A92D-1854177CF162}.Release|Any CPU.ActiveCfg = Release|Any CPU
		{01A4838A-FCF8-454F-A92D-1854177CF162}.Release|Any CPU.Build.0 = Release|Any CPU
		{01A4838A-FCF8-454F-A92D-1854177CF162}.Release|x64.ActiveCfg = Release|Any CPU
		{01A4838A-FCF8-454F-A92D-1854177CF162}.Release|x64.Build.0 = Release|Any CPU
		{01A4838A-FCF8-454F-A92D-1854177CF162}.Release|x86.ActiveCfg = Release|Any CPU
		{01A4838A-FCF8-454F-A92D-1854177CF162}.Release|x86.Build.0 = Release|Any CPU
		{7DFA8BE7-1FC6-4749-AE7F-3C54A895E219}.Debug|Any CPU.ActiveCfg = Debug|Any CPU
		{7DFA8BE7-1FC6-4749-AE7F-3C54A895E219}.Debug|Any CPU.Build.0 = Debug|Any CPU
		{7DFA8BE7-1FC6-4749-AE7F-3C54A895E219}.Debug|x64.ActiveCfg = Debug|Any CPU
		{7DFA8BE7-1FC6-4749-AE7F-3C54A895E219}.Debug|x64.Build.0 = Debug|Any CPU
		{7DFA8BE7-1FC6-4749-AE7F-3C54A895E219}.Debug|x86.ActiveCfg = Debug|Any CPU
		{7DFA8BE7-1FC6-4749-AE7F-3C54A895E219}.Debug|x86.Build.0 = Debug|Any CPU
		{7DFA8BE7-1FC6-4749-AE7F-3C54A895E219}.LinuxDebug|Any CPU.ActiveCfg = Debug|Any CPU
		{7DFA8BE7-1FC6-4749-AE7F-3C54A895E219}.LinuxDebug|x64.ActiveCfg = Debug|Any CPU
		{7DFA8BE7-1FC6-4749-AE7F-3C54A895E219}.LinuxDebug|x64.Build.0 = Debug|Any CPU
		{7DFA8BE7-1FC6-4749-AE7F-3C54A895E219}.LinuxDebug|x86.ActiveCfg = Debug|Any CPU
		{7DFA8BE7-1FC6-4749-AE7F-3C54A895E219}.LinuxDebug|x86.Build.0 = Debug|Any CPU
		{7DFA8BE7-1FC6-4749-AE7F-3C54A895E219}.LinuxRelease|Any CPU.ActiveCfg = Release|Any CPU
		{7DFA8BE7-1FC6-4749-AE7F-3C54A895E219}.LinuxRelease|x64.ActiveCfg = Release|Any CPU
		{7DFA8BE7-1FC6-4749-AE7F-3C54A895E219}.LinuxRelease|x64.Build.0 = Release|Any CPU
		{7DFA8BE7-1FC6-4749-AE7F-3C54A895E219}.LinuxRelease|x86.ActiveCfg = Release|Any CPU
		{7DFA8BE7-1FC6-4749-AE7F-3C54A895E219}.LinuxRelease|x86.Build.0 = Release|Any CPU
		{7DFA8BE7-1FC6-4749-AE7F-3C54A895E219}.Release|Any CPU.ActiveCfg = Release|Any CPU
		{7DFA8BE7-1FC6-4749-AE7F-3C54A895E219}.Release|Any CPU.Build.0 = Release|Any CPU
		{7DFA8BE7-1FC6-4749-AE7F-3C54A895E219}.Release|x64.ActiveCfg = Release|Any CPU
		{7DFA8BE7-1FC6-4749-AE7F-3C54A895E219}.Release|x64.Build.0 = Release|Any CPU
		{7DFA8BE7-1FC6-4749-AE7F-3C54A895E219}.Release|x86.ActiveCfg = Release|Any CPU
		{7DFA8BE7-1FC6-4749-AE7F-3C54A895E219}.Release|x86.Build.0 = Release|Any CPU
		{AEDEF467-0847-4E2C-9C90-B72B1555D98A}.Debug|Any CPU.ActiveCfg = Debug|Any CPU
		{AEDEF467-0847-4E2C-9C90-B72B1555D98A}.Debug|Any CPU.Build.0 = Debug|Any CPU
		{AEDEF467-0847-4E2C-9C90-B72B1555D98A}.Debug|x64.ActiveCfg = Debug|Any CPU
		{AEDEF467-0847-4E2C-9C90-B72B1555D98A}.Debug|x64.Build.0 = Debug|Any CPU
		{AEDEF467-0847-4E2C-9C90-B72B1555D98A}.Debug|x86.ActiveCfg = Debug|Any CPU
		{AEDEF467-0847-4E2C-9C90-B72B1555D98A}.Debug|x86.Build.0 = Debug|Any CPU
		{AEDEF467-0847-4E2C-9C90-B72B1555D98A}.LinuxDebug|Any CPU.ActiveCfg = Debug|Any CPU
		{AEDEF467-0847-4E2C-9C90-B72B1555D98A}.LinuxDebug|Any CPU.Build.0 = Debug|Any CPU
		{AEDEF467-0847-4E2C-9C90-B72B1555D98A}.LinuxDebug|x64.ActiveCfg = Debug|Any CPU
		{AEDEF467-0847-4E2C-9C90-B72B1555D98A}.LinuxDebug|x64.Build.0 = Debug|Any CPU
		{AEDEF467-0847-4E2C-9C90-B72B1555D98A}.LinuxDebug|x86.ActiveCfg = Debug|Any CPU
		{AEDEF467-0847-4E2C-9C90-B72B1555D98A}.LinuxDebug|x86.Build.0 = Debug|Any CPU
		{AEDEF467-0847-4E2C-9C90-B72B1555D98A}.LinuxRelease|Any CPU.ActiveCfg = Release|Any CPU
		{AEDEF467-0847-4E2C-9C90-B72B1555D98A}.LinuxRelease|Any CPU.Build.0 = Release|Any CPU
		{AEDEF467-0847-4E2C-9C90-B72B1555D98A}.LinuxRelease|x64.ActiveCfg = Release|Any CPU
		{AEDEF467-0847-4E2C-9C90-B72B1555D98A}.LinuxRelease|x64.Build.0 = Release|Any CPU
		{AEDEF467-0847-4E2C-9C90-B72B1555D98A}.LinuxRelease|x86.ActiveCfg = Release|Any CPU
		{AEDEF467-0847-4E2C-9C90-B72B1555D98A}.LinuxRelease|x86.Build.0 = Release|Any CPU
		{AEDEF467-0847-4E2C-9C90-B72B1555D98A}.Release|Any CPU.ActiveCfg = Release|Any CPU
		{AEDEF467-0847-4E2C-9C90-B72B1555D98A}.Release|Any CPU.Build.0 = Release|Any CPU
		{AEDEF467-0847-4E2C-9C90-B72B1555D98A}.Release|x64.ActiveCfg = Release|Any CPU
		{AEDEF467-0847-4E2C-9C90-B72B1555D98A}.Release|x64.Build.0 = Release|Any CPU
		{AEDEF467-0847-4E2C-9C90-B72B1555D98A}.Release|x86.ActiveCfg = Release|Any CPU
		{AEDEF467-0847-4E2C-9C90-B72B1555D98A}.Release|x86.Build.0 = Release|Any CPU
		{D4D5CF31-D2F3-4A78-A8B9-75355AB0ED21}.Debug|Any CPU.ActiveCfg = Debug|Any CPU
		{D4D5CF31-D2F3-4A78-A8B9-75355AB0ED21}.Debug|Any CPU.Build.0 = Debug|Any CPU
		{D4D5CF31-D2F3-4A78-A8B9-75355AB0ED21}.Debug|x64.ActiveCfg = Debug|Any CPU
		{D4D5CF31-D2F3-4A78-A8B9-75355AB0ED21}.Debug|x64.Build.0 = Debug|Any CPU
		{D4D5CF31-D2F3-4A78-A8B9-75355AB0ED21}.Debug|x86.ActiveCfg = Debug|Any CPU
		{D4D5CF31-D2F3-4A78-A8B9-75355AB0ED21}.Debug|x86.Build.0 = Debug|Any CPU
		{D4D5CF31-D2F3-4A78-A8B9-75355AB0ED21}.LinuxDebug|Any CPU.ActiveCfg = Debug|Any CPU
		{D4D5CF31-D2F3-4A78-A8B9-75355AB0ED21}.LinuxDebug|Any CPU.Build.0 = Debug|Any CPU
		{D4D5CF31-D2F3-4A78-A8B9-75355AB0ED21}.LinuxDebug|x64.ActiveCfg = Debug|Any CPU
		{D4D5CF31-D2F3-4A78-A8B9-75355AB0ED21}.LinuxDebug|x64.Build.0 = Debug|Any CPU
		{D4D5CF31-D2F3-4A78-A8B9-75355AB0ED21}.LinuxDebug|x86.ActiveCfg = Debug|Any CPU
		{D4D5CF31-D2F3-4A78-A8B9-75355AB0ED21}.LinuxDebug|x86.Build.0 = Debug|Any CPU
		{D4D5CF31-D2F3-4A78-A8B9-75355AB0ED21}.LinuxRelease|Any CPU.ActiveCfg = Release|Any CPU
		{D4D5CF31-D2F3-4A78-A8B9-75355AB0ED21}.LinuxRelease|Any CPU.Build.0 = Release|Any CPU
		{D4D5CF31-D2F3-4A78-A8B9-75355AB0ED21}.LinuxRelease|x64.ActiveCfg = Release|Any CPU
		{D4D5CF31-D2F3-4A78-A8B9-75355AB0ED21}.LinuxRelease|x64.Build.0 = Release|Any CPU
		{D4D5CF31-D2F3-4A78-A8B9-75355AB0ED21}.LinuxRelease|x86.ActiveCfg = Release|Any CPU
		{D4D5CF31-D2F3-4A78-A8B9-75355AB0ED21}.LinuxRelease|x86.Build.0 = Release|Any CPU
		{D4D5CF31-D2F3-4A78-A8B9-75355AB0ED21}.NugetPackDebug|Any CPU.ActiveCfg = Debug|Any CPU
		{D4D5CF31-D2F3-4A78-A8B9-75355AB0ED21}.NugetPackDebug|Any CPU.Build.0 = Debug|Any CPU
		{D4D5CF31-D2F3-4A78-A8B9-75355AB0ED21}.NugetPackDebug|x64.ActiveCfg = Debug|Any CPU
		{D4D5CF31-D2F3-4A78-A8B9-75355AB0ED21}.NugetPackDebug|x64.Build.0 = Debug|Any CPU
		{D4D5CF31-D2F3-4A78-A8B9-75355AB0ED21}.NugetPackDebug|x86.ActiveCfg = Debug|Any CPU
		{D4D5CF31-D2F3-4A78-A8B9-75355AB0ED21}.NugetPackDebug|x86.Build.0 = Debug|Any CPU
		{D4D5CF31-D2F3-4A78-A8B9-75355AB0ED21}.NugetPackRelease|Any CPU.ActiveCfg = Release|Any CPU
		{D4D5CF31-D2F3-4A78-A8B9-75355AB0ED21}.NugetPackRelease|Any CPU.Build.0 = Release|Any CPU
		{D4D5CF31-D2F3-4A78-A8B9-75355AB0ED21}.NugetPackRelease|x64.ActiveCfg = Release|Any CPU
		{D4D5CF31-D2F3-4A78-A8B9-75355AB0ED21}.NugetPackRelease|x64.Build.0 = Release|Any CPU
		{D4D5CF31-D2F3-4A78-A8B9-75355AB0ED21}.NugetPackRelease|x86.ActiveCfg = Release|Any CPU
		{D4D5CF31-D2F3-4A78-A8B9-75355AB0ED21}.NugetPackRelease|x86.Build.0 = Release|Any CPU
		{D4D5CF31-D2F3-4A78-A8B9-75355AB0ED21}.Release|Any CPU.ActiveCfg = Release|Any CPU
		{D4D5CF31-D2F3-4A78-A8B9-75355AB0ED21}.Release|Any CPU.Build.0 = Release|Any CPU
		{D4D5CF31-D2F3-4A78-A8B9-75355AB0ED21}.Release|x64.ActiveCfg = Release|Any CPU
		{D4D5CF31-D2F3-4A78-A8B9-75355AB0ED21}.Release|x64.Build.0 = Release|Any CPU
		{D4D5CF31-D2F3-4A78-A8B9-75355AB0ED21}.Release|x86.ActiveCfg = Release|Any CPU
		{D4D5CF31-D2F3-4A78-A8B9-75355AB0ED21}.Release|x86.Build.0 = Release|Any CPU
		{F32AEDA5-44D5-4A23-BE0F-8E175F264144}.Debug|Any CPU.ActiveCfg = Debug|Any CPU
		{F32AEDA5-44D5-4A23-BE0F-8E175F264144}.Debug|Any CPU.Build.0 = Debug|Any CPU
		{F32AEDA5-44D5-4A23-BE0F-8E175F264144}.Debug|x64.ActiveCfg = Debug|Any CPU
		{F32AEDA5-44D5-4A23-BE0F-8E175F264144}.Debug|x64.Build.0 = Debug|Any CPU
		{F32AEDA5-44D5-4A23-BE0F-8E175F264144}.Debug|x86.ActiveCfg = Debug|Any CPU
		{F32AEDA5-44D5-4A23-BE0F-8E175F264144}.Debug|x86.Build.0 = Debug|Any CPU
		{F32AEDA5-44D5-4A23-BE0F-8E175F264144}.LinuxDebug|Any CPU.ActiveCfg = Debug|Any CPU
		{F32AEDA5-44D5-4A23-BE0F-8E175F264144}.LinuxDebug|Any CPU.Build.0 = Debug|Any CPU
		{F32AEDA5-44D5-4A23-BE0F-8E175F264144}.LinuxDebug|x64.ActiveCfg = Debug|Any CPU
		{F32AEDA5-44D5-4A23-BE0F-8E175F264144}.LinuxDebug|x64.Build.0 = Debug|Any CPU
		{F32AEDA5-44D5-4A23-BE0F-8E175F264144}.LinuxDebug|x86.ActiveCfg = Debug|Any CPU
		{F32AEDA5-44D5-4A23-BE0F-8E175F264144}.LinuxDebug|x86.Build.0 = Debug|Any CPU
		{F32AEDA5-44D5-4A23-BE0F-8E175F264144}.LinuxRelease|Any CPU.ActiveCfg = Release|Any CPU
		{F32AEDA5-44D5-4A23-BE0F-8E175F264144}.LinuxRelease|Any CPU.Build.0 = Release|Any CPU
		{F32AEDA5-44D5-4A23-BE0F-8E175F264144}.LinuxRelease|x64.ActiveCfg = Release|Any CPU
		{F32AEDA5-44D5-4A23-BE0F-8E175F264144}.LinuxRelease|x64.Build.0 = Release|Any CPU
		{F32AEDA5-44D5-4A23-BE0F-8E175F264144}.LinuxRelease|x86.ActiveCfg = Release|Any CPU
		{F32AEDA5-44D5-4A23-BE0F-8E175F264144}.LinuxRelease|x86.Build.0 = Release|Any CPU
		{F32AEDA5-44D5-4A23-BE0F-8E175F264144}.NugetPackDebug|Any CPU.ActiveCfg = Debug|Any CPU
		{F32AEDA5-44D5-4A23-BE0F-8E175F264144}.NugetPackDebug|Any CPU.Build.0 = Debug|Any CPU
		{F32AEDA5-44D5-4A23-BE0F-8E175F264144}.NugetPackDebug|x64.ActiveCfg = Debug|Any CPU
		{F32AEDA5-44D5-4A23-BE0F-8E175F264144}.NugetPackDebug|x64.Build.0 = Debug|Any CPU
		{F32AEDA5-44D5-4A23-BE0F-8E175F264144}.NugetPackDebug|x86.ActiveCfg = Debug|Any CPU
		{F32AEDA5-44D5-4A23-BE0F-8E175F264144}.NugetPackDebug|x86.Build.0 = Debug|Any CPU
		{F32AEDA5-44D5-4A23-BE0F-8E175F264144}.NugetPackRelease|Any CPU.ActiveCfg = Release|Any CPU
		{F32AEDA5-44D5-4A23-BE0F-8E175F264144}.NugetPackRelease|Any CPU.Build.0 = Release|Any CPU
		{F32AEDA5-44D5-4A23-BE0F-8E175F264144}.NugetPackRelease|x64.ActiveCfg = Release|Any CPU
		{F32AEDA5-44D5-4A23-BE0F-8E175F264144}.NugetPackRelease|x64.Build.0 = Release|Any CPU
		{F32AEDA5-44D5-4A23-BE0F-8E175F264144}.NugetPackRelease|x86.ActiveCfg = Release|Any CPU
		{F32AEDA5-44D5-4A23-BE0F-8E175F264144}.NugetPackRelease|x86.Build.0 = Release|Any CPU
		{F32AEDA5-44D5-4A23-BE0F-8E175F264144}.Release|Any CPU.ActiveCfg = Release|Any CPU
		{F32AEDA5-44D5-4A23-BE0F-8E175F264144}.Release|Any CPU.Build.0 = Release|Any CPU
		{F32AEDA5-44D5-4A23-BE0F-8E175F264144}.Release|x64.ActiveCfg = Release|Any CPU
		{F32AEDA5-44D5-4A23-BE0F-8E175F264144}.Release|x64.Build.0 = Release|Any CPU
		{F32AEDA5-44D5-4A23-BE0F-8E175F264144}.Release|x86.ActiveCfg = Release|Any CPU
		{F32AEDA5-44D5-4A23-BE0F-8E175F264144}.Release|x86.Build.0 = Release|Any CPU
	EndGlobalSection
	GlobalSection(SolutionProperties) = preSolution
		HideSolutionNode = FALSE
	EndGlobalSection
	GlobalSection(NestedProjects) = preSolution
		{EDD59524-641D-4EB3-BF96-7138BBA8D009} = {33AD9CF5-1CD7-4393-A5A8-42A64760C229}
		{43D48477-7227-4F75-B1DF-DBB584C53FC0} = {33AD9CF5-1CD7-4393-A5A8-42A64760C229}
		{53EF9934-4B85-40E4-8846-1D2ACDA6A9E7} = {33AD9CF5-1CD7-4393-A5A8-42A64760C229}
		{7B4A521E-043B-4077-9C01-6DD36CFADE10} = {33AD9CF5-1CD7-4393-A5A8-42A64760C229}
		{06905325-4F46-44BC-BE60-C61526073998} = {33AD9CF5-1CD7-4393-A5A8-42A64760C229}
		{38F3B4F3-9739-4FE2-A6F3-41436D6297D0} = {33AD9CF5-1CD7-4393-A5A8-42A64760C229}
		{C7062944-F8C0-4FF6-8B3A-E30588F39612} = {33AD9CF5-1CD7-4393-A5A8-42A64760C229}
		{26C6CD2C-D5B6-4905-B586-1FB27D699BB8} = {33AD9CF5-1CD7-4393-A5A8-42A64760C229}
		{1904A41B-D1B8-40E5-ADBB-728DDCF7C816} = {C10A7AB5-A4DB-414C-859F-B642CCBC48FF}
		{880B333B-3ADA-469A-A333-A9023B4D8F6F} = {02507825-08DE-4A31-B1C8-531BB8DA6BAC}
		{ECC7AB0C-7DB9-439F-95E1-95C206759DFE} = {02507825-08DE-4A31-B1C8-531BB8DA6BAC}
		{937AA772-00F3-45B8-A9FE-8504F3D12909} = {02507825-08DE-4A31-B1C8-531BB8DA6BAC}
		{616330A6-6386-40F1-907D-CD46884FA86F} = {33AD9CF5-1CD7-4393-A5A8-42A64760C229}
		{22B3D2D1-D139-4AC6-B72A-1A96F1CCBBBE} = {33AD9CF5-1CD7-4393-A5A8-42A64760C229}
		{726D85B6-A389-417B-A85B-4ACACDEE4640} = {33AD9CF5-1CD7-4393-A5A8-42A64760C229}
		{FF2B695C-7567-4DDD-A8F4-E16BE2E49A65} = {33AD9CF5-1CD7-4393-A5A8-42A64760C229}
		{84A2C4C9-874C-47E7-8397-47D5ED8C00D4} = {33AD9CF5-1CD7-4393-A5A8-42A64760C229}
		{9608092D-D9B7-4109-B1F0-DC597D879000} = {33AD9CF5-1CD7-4393-A5A8-42A64760C229}
		{9E5A86DE-6CE3-4D6F-BD98-B5A299999EAA} = {33AD9CF5-1CD7-4393-A5A8-42A64760C229}
		{AEDEF467-0847-4E2C-9C90-B72B1555D98A} = {33AD9CF5-1CD7-4393-A5A8-42A64760C229}
		{D4D5CF31-D2F3-4A78-A8B9-75355AB0ED21} = {33AD9CF5-1CD7-4393-A5A8-42A64760C229}
	EndGlobalSection
	GlobalSection(ExtensibilityGlobals) = postSolution
		SolutionGuid = {1858D4D1-62D5-495E-8181-605341B24DF6}
	EndGlobalSection
	GlobalSection(TestCaseManagementSettings) = postSolution
		CategoryFile = Aurio.vsmdi
	EndGlobalSection
EndGlobal
